// !$*UTF8*$!
{
	archiveVersion = 1;
	classes = {
	};
	objectVersion = 77;
	objects = {

/* Begin PBXBuildFile section */
		0736670F918E1647B9D5EEC1 /* WorkoutHeartRateAnalysis.swift in Sources */ = {isa = PBXBuildFile; fileRef = 83C876E2BC4C76F64CC18FCD /* WorkoutHeartRateAnalysis.swift */; };
		079E049BFB39BD333ABF5A97 /* CloudKitCompetitionSync.swift in Sources */ = {isa = PBXBuildFile; fileRef = 8C0B3575FC5BB1E53ADCF564 /* CloudKitCompetitionSync.swift */; };
		07EF30343B5482EF2746E198 /* DailyGreetingBuilderTests.swift in Sources */ = {isa = PBXBuildFile; fileRef = D369EBF714737EB48F0667E4 /* DailyGreetingBuilderTests.swift */; };
		0893E66787EEEDDC31A6C629 /* OpenCompeteIntent.swift in Sources */ = {isa = PBXBuildFile; fileRef = BDA504AF04C5EA25DC6F1C38 /* OpenCompeteIntent.swift */; };
		0B20CA2EDB8676D9846F1922 /* LocationProvider.swift in Sources */ = {isa = PBXBuildFile; fileRef = 374F92C33B4292C4AA9C5A30 /* LocationProvider.swift */; };
		0C19B3E6BD9402131FF0473D /* AppViewPreferences.swift in Sources */ = {isa = PBXBuildFile; fileRef = 65D7F6FE469BFE17BD358635 /* AppViewPreferences.swift */; };
		0C2F8FE3BCBB892CC2B22845 /* StepReceiptShortcuts.swift in Sources */ = {isa = PBXBuildFile; fileRef = 997B289667C39587ECC74D74 /* StepReceiptShortcuts.swift */; };
		0CDD0EC6333B406356886B40 /* CloudKitCompetitionSync.swift in Sources */ = {isa = PBXBuildFile; fileRef = 8C0B3575FC5BB1E53ADCF564 /* CloudKitCompetitionSync.swift */; };
		0DF5CCA5B5EEC8016F8B4F60 /* HealthKitClient.swift in Sources */ = {isa = PBXBuildFile; fileRef = 69D23BBA2446988C6BECABA5 /* HealthKitClient.swift */; };
		119AE4F8C3993B17BFCD3A5F /* WatchAggregateSnapshot.swift in Sources */ = {isa = PBXBuildFile; fileRef = 314F8863B0EEF88213334031 /* WatchAggregateSnapshot.swift */; };
		12BC625C4A968CA67D3A4BB7 /* SettingsView.swift in Sources */ = {isa = PBXBuildFile; fileRef = 77D7B3688BBF71678CEEFABC /* SettingsView.swift */; };
		165E2C740BA12624FADDA990 /* TodayView.swift in Sources */ = {isa = PBXBuildFile; fileRef = E6DCB0108D22D9887D64D763 /* TodayView.swift */; };
		17C887D0CA9290FF2636362D /* ActivityRepository.swift in Sources */ = {isa = PBXBuildFile; fileRef = 7FF9F703777D1EEDBD277A26 /* ActivityRepository.swift */; };
		17EA7DF6D0C8E002B554E3B2 /* CompeteMemberDrillInSheet.swift in Sources */ = {isa = PBXBuildFile; fileRef = 1B94A051AE67972A1FFCCC6D /* CompeteMemberDrillInSheet.swift */; };
		1886BC936BDC5975F52C6B0E /* GetTodayStepsIntent.swift in Sources */ = {isa = PBXBuildFile; fileRef = B3E86DD2B190F3D1DC3536CD /* GetTodayStepsIntent.swift */; };
		189A4982598A338D03A0C78C /* WeekPatternBuilderTests.swift in Sources */ = {isa = PBXBuildFile; fileRef = 92A596D67267D846622D7C10 /* WeekPatternBuilderTests.swift */; };
		1B6704D92572808736EDBB09 /* WorkoutExportBuilder.swift in Sources */ = {isa = PBXBuildFile; fileRef = 3633B44059157A8A7099B095 /* WorkoutExportBuilder.swift */; };
		1FFFC72512F5C1E9EF41BEEF /* CompetitionEngine.swift in Sources */ = {isa = PBXBuildFile; fileRef = 6277880B45319181EE54747C /* CompetitionEngine.swift */; };
		206946984273643EDFF08754 /* WeatherDetailSheet.swift in Sources */ = {isa = PBXBuildFile; fileRef = 3ABD1F7EC05A558F48BCE9FA /* WeatherDetailSheet.swift */; };
		2587F03071B919A47DF209E7 /* WatchAggregateSnapshotTests.swift in Sources */ = {isa = PBXBuildFile; fileRef = 58E3FFE7A3CA96D1C0E60811 /* WatchAggregateSnapshotTests.swift */; };
		25D3CB762540ED56086463F7 /* WeatherAttributionView.swift in Sources */ = {isa = PBXBuildFile; fileRef = 42A559BD53296F30FB6E3975 /* WeatherAttributionView.swift */; };
		29D8DC6F74AE440A56F95795 /* WorkoutExportBuilder.swift in Sources */ = {isa = PBXBuildFile; fileRef = 3633B44059157A8A7099B095 /* WorkoutExportBuilder.swift */; };
		2AA600716451E7296F0806E8 /* DailyUseQOLTests.swift in Sources */ = {isa = PBXBuildFile; fileRef = C8A1FCC0A7B537DB50C6F395 /* DailyUseQOLTests.swift */; };
		2AD2BFA9D3D4CC6EA6609ED2 /* WatchAggregateSyncService.swift in Sources */ = {isa = PBXBuildFile; fileRef = BA9489EE258B17E15163CE4F /* WatchAggregateSyncService.swift */; };
		2BA2E97C0EAD14C4F9523B6F /* CoachInsightsSheet.swift in Sources */ = {isa = PBXBuildFile; fileRef = 818A88A8C5697024CAAEED65 /* CoachInsightsSheet.swift */; };
		2C264BB384BC83F3864E876D /* DailyStepGoalLiveActivityService.swift in Sources */ = {isa = PBXBuildFile; fileRef = D00F117E254792CDF334A71F /* DailyStepGoalLiveActivityService.swift */; };
		30AF0BABD13FEF862BE4264E /* HealthKitClient.swift in Sources */ = {isa = PBXBuildFile; fileRef = 69D23BBA2446988C6BECABA5 /* HealthKitClient.swift */; };
		3812333BC7EA105F28F0E9DD /* WatchAggregateSnapshot.swift in Sources */ = {isa = PBXBuildFile; fileRef = 314F8863B0EEF88213334031 /* WatchAggregateSnapshot.swift */; };
		3C921883901061F079C8FD41 /* CompeteJoinDeepLink.swift in Sources */ = {isa = PBXBuildFile; fileRef = 057211AE7F56C8663846C412 /* CompeteJoinDeepLink.swift */; };
		3FF770570A45E75F4359399C /* DayWeatherSnapshotTests.swift in Sources */ = {isa = PBXBuildFile; fileRef = 26B16BA2972BEB05E04E8839 /* DayWeatherSnapshotTests.swift */; };
		41F0FD952ACDEDD690DC4C9F /* CompetitionPushRegistration.swift in Sources */ = {isa = PBXBuildFile; fileRef = 2559010F6CDB9CB983F639EF /* CompetitionPushRegistration.swift */; };
		46F78EE080CF8484018326B7 /* CompeteHouseholdSheet.swift in Sources */ = {isa = PBXBuildFile; fileRef = E6428ADCADAC2E8A81E51AB5 /* CompeteHouseholdSheet.swift */; };
		4AE182DCEB0672A25A0F2F33 /* CompetitionSubscriptionTests.swift in Sources */ = {isa = PBXBuildFile; fileRef = B76BCFD5BECADB9D310BDF14 /* CompetitionSubscriptionTests.swift */; };
		4F8EA77CA8D1682D677A4E26 /* CompetitionModels.swift in Sources */ = {isa = PBXBuildFile; fileRef = F2247C8402E42C438C53D5D0 /* CompetitionModels.swift */; };
		4FCEE2FBD60307D9F0E0F572 /* StepReceiptTheme.swift in Sources */ = {isa = PBXBuildFile; fileRef = 117B0DB121C58BD175E13816 /* StepReceiptTheme.swift */; };
		511A2C1B7A6F6C041A3D643D /* CompeteSetupWizardView.swift in Sources */ = {isa = PBXBuildFile; fileRef = 8EB088DB04397C8E8906DD12 /* CompeteSetupWizardView.swift */; };
		53CB4885DEB17F09A628AFF7 /* StepReceiptWatchExtensionApp.swift in Sources */ = {isa = PBXBuildFile; fileRef = 4D00E52B658C60744BEABEE1 /* StepReceiptWatchExtensionApp.swift */; };
		55A7489A5F6AD88D4DBF3F45 /* ActivityRepository.swift in Sources */ = {isa = PBXBuildFile; fileRef = 7FF9F703777D1EEDBD277A26 /* ActivityRepository.swift */; };
		5686141750B012E8FB96943B /* CloudKitCompetitionSubscriptionService.swift in Sources */ = {isa = PBXBuildFile; fileRef = 9A50A866D8EB7ACE8B4F3D85 /* CloudKitCompetitionSubscriptionService.swift */; };
		58DD12BF3D9F204EFD70FC69 /* AppDiagnosticsSummary.swift in Sources */ = {isa = PBXBuildFile; fileRef = 67D9B116ECF5F149C6DBDFF8 /* AppDiagnosticsSummary.swift */; };
		5986B592DA4117E52347A3B7 /* DayFlowCard.swift in Sources */ = {isa = PBXBuildFile; fileRef = 5A249F2968826E55703ADEF4 /* DayFlowCard.swift */; };
		5B4F62AE4342985C296FF083 /* WeatherKitClient.swift in Sources */ = {isa = PBXBuildFile; fileRef = 770ADADCC23BE9B63604D0D4 /* WeatherKitClient.swift */; };
		5E626038F174AF95629B1513 /* DailyStepGoalLiveActivityService.swift in Sources */ = {isa = PBXBuildFile; fileRef = D00F117E254792CDF334A71F /* DailyStepGoalLiveActivityService.swift */; };
		5E664771EB53DB01875B5231 /* DayWeatherSnapshot.swift in Sources */ = {isa = PBXBuildFile; fileRef = 9F6E7D6D146F0D0C00E3D4DB /* DayWeatherSnapshot.swift */; };
		5FE28FAF33A3F516EEDD5E36 /* TodayQuickDigestTests.swift in Sources */ = {isa = PBXBuildFile; fileRef = AD6B7417D3EFDD9888B040DF /* TodayQuickDigestTests.swift */; };
		610B65E52530B8D2AA8CC3D1 /* StepReceiptLiveActivityWidget.appex in Embed Foundation Extensions */ = {isa = PBXBuildFile; fileRef = 7E357606AC0CD984549A73DB /* StepReceiptLiveActivityWidget.appex */; settings = {ATTRIBUTES = (RemoveHeadersOnCopy, ); }; };
		649E665C02516779E71B9687 /* WatchAggregateSnapshot.swift in Sources */ = {isa = PBXBuildFile; fileRef = 314F8863B0EEF88213334031 /* WatchAggregateSnapshot.swift */; };
		6AEEE230E86658777B7CFF9F /* CompeteJoinDeepLink.swift in Sources */ = {isa = PBXBuildFile; fileRef = 057211AE7F56C8663846C412 /* CompeteJoinDeepLink.swift */; };
		6FEE4DE01B53699E9F370077 /* WorkoutTemplate.swift in Sources */ = {isa = PBXBuildFile; fileRef = 01FE8FC31B754F965BEE4F10 /* WorkoutTemplate.swift */; };
		717D23C5C2085DB32F5C3357 /* DailyStepGoalAttributes.swift in Sources */ = {isa = PBXBuildFile; fileRef = 55633B2D928640B24E32CC63 /* DailyStepGoalAttributes.swift */; };
		71D9E00A68D89060557EFE14 /* WeatherKitClient.swift in Sources */ = {isa = PBXBuildFile; fileRef = 770ADADCC23BE9B63604D0D4 /* WeatherKitClient.swift */; };
		72F3120A804D6813A348B52A /* CloudKitCompetitionSubscriptionService.swift in Sources */ = {isa = PBXBuildFile; fileRef = 9A50A866D8EB7ACE8B4F3D85 /* CloudKitCompetitionSubscriptionService.swift */; };
		7417D7B204C43CC008BBAE4B /* DailyGreeting.swift in Sources */ = {isa = PBXBuildFile; fileRef = 0D57F3895E50EF7A9223E9D8 /* DailyGreeting.swift */; };
		791B5011DB72706EBCC033CC /* AppTabRoots.swift in Sources */ = {isa = PBXBuildFile; fileRef = A3E466871A0C08B9BA5BABBF /* AppTabRoots.swift */; };
		7937BD85DBFDD55EAEC28111 /* WorkoutTemplateTests.swift in Sources */ = {isa = PBXBuildFile; fileRef = 845F5FA4AF425A68DF122B9F /* WorkoutTemplateTests.swift */; };
		79419113560A00703D195D9E /* StepReceiptAppDelegate.swift in Sources */ = {isa = PBXBuildFile; fileRef = E9FA9C664124BF11E10FEF64 /* StepReceiptAppDelegate.swift */; };
		7A48CE932643DAB1B19B2E44 /* CompeteLeaderboardView.swift in Sources */ = {isa = PBXBuildFile; fileRef = 0F6399D81FA5F7E4E642FE20 /* CompeteLeaderboardView.swift */; };
		7A902CF5A1B15459BC2EBBAC /* CoreLocation.framework in Frameworks */ = {isa = PBXBuildFile; fileRef = 12362F0A4CC4AA2903348839 /* CoreLocation.framework */; };
		7B32AD208A1FABC39F8097C8 /* InsightsView.swift in Sources */ = {isa = PBXBuildFile; fileRef = 7BCCA4BE75DE26E667433C90 /* InsightsView.swift */; };
		826C7C86868B0795B44C4776 /* CompeteJoinDeepLinkTests.swift in Sources */ = {isa = PBXBuildFile; fileRef = 50F357340DDD9DDF45F237C8 /* CompeteJoinDeepLinkTests.swift */; };
		828B4549153DA224B8DD7B13 /* CompetitionEngine.swift in Sources */ = {isa = PBXBuildFile; fileRef = 6277880B45319181EE54747C /* CompetitionEngine.swift */; };
		8456C1378FA759E912016E92 /* CloudKitSummarySync.swift in Sources */ = {isa = PBXBuildFile; fileRef = 959A2CCCF4B42D0CEACF96F6 /* CloudKitSummarySync.swift */; };
		8B03B1FBB200549055E8F372 /* WorkoutListRowSummary.swift in Sources */ = {isa = PBXBuildFile; fileRef = 4C6438A40DE447E694E7C7A2 /* WorkoutListRowSummary.swift */; };
		8B14B3A2B932529AE36BF4B5 /* WorkoutListRowSummaryTests.swift in Sources */ = {isa = PBXBuildFile; fileRef = 85009525BF2500CD45F380F3 /* WorkoutListRowSummaryTests.swift */; };
		8D4A0C350BEFE4DE3499A434 /* DisabledCloudSync.swift in Sources */ = {isa = PBXBuildFile; fileRef = F8424DD43B66EAE7C998AA28 /* DisabledCloudSync.swift */; };
		8E8036A6926EF7AB002E04D1 /* WeatherKit.framework in Frameworks */ = {isa = PBXBuildFile; fileRef = 5FB0CC2E1A04C1B20AE95BDB /* WeatherKit.framework */; };
		91A727FC5BFA6D2B3CBF4C5F /* DailyStepGoalAttributes.swift in Sources */ = {isa = PBXBuildFile; fileRef = 55633B2D928640B24E32CC63 /* DailyStepGoalAttributes.swift */; };
		99189156B46A09BC765E61FF /* CompetitionPushRegistration.swift in Sources */ = {isa = PBXBuildFile; fileRef = 2559010F6CDB9CB983F639EF /* CompetitionPushRegistration.swift */; };
		9C18D54A1FC7EFE82811FE38 /* CompetitionSyncDiagnostics.swift in Sources */ = {isa = PBXBuildFile; fileRef = 0B868AAEB8261EFDA8152935 /* CompetitionSyncDiagnostics.swift */; };
		9D0DA8357E5F916B3D0894EB /* ActivityFormatting.swift in Sources */ = {isa = PBXBuildFile; fileRef = 213DCE28E5441F4415CF65C3 /* ActivityFormatting.swift */; };
		A023ACB10FAA73D2F0351187 /* InsightEngine.swift in Sources */ = {isa = PBXBuildFile; fileRef = BFC828839F225D766AD0E781 /* InsightEngine.swift */; };
		A1CC2843D309D78570C8CECD /* StepReceiptWatchExtension.appex in Embed Foundation Extensions */ = {isa = PBXBuildFile; fileRef = B5E72FF0AA07495D77848FD2 /* StepReceiptWatchExtension.appex */; settings = {ATTRIBUTES = (RemoveHeadersOnCopy, ); }; };
		A6FB71FDCBE5D68333AF1CFF /* WorkoutTemplate.swift in Sources */ = {isa = PBXBuildFile; fileRef = 01FE8FC31B754F965BEE4F10 /* WorkoutTemplate.swift */; };
		A8B9F177B44AD91C4F7A82D0 /* StepReceiptAppIntentsSupport.swift in Sources */ = {isa = PBXBuildFile; fileRef = 6A3763D40898922FBC0B3DAE /* StepReceiptAppIntentsSupport.swift */; };
		AA0CDB4B5C9E74944B4D10FD /* CloudKitSummarySync.swift in Sources */ = {isa = PBXBuildFile; fileRef = 959A2CCCF4B42D0CEACF96F6 /* CloudKitSummarySync.swift */; };
		AD30D97DA4A28DBC18B924C9 /* CompeteJoinConfirmationSheet.swift in Sources */ = {isa = PBXBuildFile; fileRef = 25C738F9EFA337A11DF91517 /* CompeteJoinConfirmationSheet.swift */; };
		ADF4CF6DD945852EFB2BD455 /* WatchAggregateSyncService.swift in Sources */ = {isa = PBXBuildFile; fileRef = BA9489EE258B17E15163CE4F /* WatchAggregateSyncService.swift */; };
		AFFB145104C2AC2090696038 /* DailyStepGoalAttributesTests.swift in Sources */ = {isa = PBXBuildFile; fileRef = 4F388EDFD0E2F41B410F36BA /* DailyStepGoalAttributesTests.swift */; };
		B058B934152AB344B89A83D5 /* DailyStepGoalAttributes.swift in Sources */ = {isa = PBXBuildFile; fileRef = 55633B2D928640B24E32CC63 /* DailyStepGoalAttributes.swift */; };
		B4CC36F293704EB2BC59E544 /* PrivacyInfo.xcprivacy in Resources */ = {isa = PBXBuildFile; fileRef = 4DE8335880DF5D9D93CCF5FA /* PrivacyInfo.xcprivacy */; };
		B6A138261D835A80F1E2DFDE /* DayFlowPatternSheet.swift in Sources */ = {isa = PBXBuildFile; fileRef = 0FBDAB0D044D30F7B106CB35 /* DayFlowPatternSheet.swift */; };
		BE150B31D7F0F53A8CA5EF26 /* StepReceiptUITests.swift in Sources */ = {isa = PBXBuildFile; fileRef = 1011A2BF853A9E608436A609 /* StepReceiptUITests.swift */; };
		BF9759C715614A8D499A2DBC /* TodayQuickDigest.swift in Sources */ = {isa = PBXBuildFile; fileRef = 14E7359C5691E26FD4279190 /* TodayQuickDigest.swift */; };
		C2CB4739924C12FB35360039 /* ActivityModels.swift in Sources */ = {isa = PBXBuildFile; fileRef = C91B022F49B7155BF630F06F /* ActivityModels.swift */; };
		C33B5944BE85B9CBB011A8BC /* WeekPattern.swift in Sources */ = {isa = PBXBuildFile; fileRef = 9EC951931AE64E918C49E372 /* WeekPattern.swift */; };
		C4F58E35150E103BBCAD4646 /* ActivityModels.swift in Sources */ = {isa = PBXBuildFile; fileRef = C91B022F49B7155BF630F06F /* ActivityModels.swift */; };
		C918513F154687B994CF7F38 /* DailyGreeting.swift in Sources */ = {isa = PBXBuildFile; fileRef = 0D57F3895E50EF7A9223E9D8 /* DailyGreeting.swift */; };
		CC6D82C87E1B004A58AF4D3E /* ActivityFormattingTests.swift in Sources */ = {isa = PBXBuildFile; fileRef = B005210EC9FD6A67E22A9279 /* ActivityFormattingTests.swift */; };
		CF2954BF4AD2B317BC76DCA9 /* WorkoutHeartRateAnalysisTests.swift in Sources */ = {isa = PBXBuildFile; fileRef = D6034BC04F9278E1F1F6A7C6 /* WorkoutHeartRateAnalysisTests.swift */; };
		D10C9199346C4A1F5DB48E90 /* ShareSheet.swift in Sources */ = {isa = PBXBuildFile; fileRef = D7AA520E58D9123739472025 /* ShareSheet.swift */; };
		D269C71AC24C4C5963A909ED /* CompeteSharedComponents.swift in Sources */ = {isa = PBXBuildFile; fileRef = 03AE46AC632C6320A12DB319 /* CompeteSharedComponents.swift */; };
		D2F8EDEDB73225DA2D092EB1 /* CompeteMemberDrillInTests.swift in Sources */ = {isa = PBXBuildFile; fileRef = E2FFA6CED0C12705921209C5 /* CompeteMemberDrillInTests.swift */; };
		D65FFF9DE8A8F44AEE86EAD5 /* WorkoutListRowSummary.swift in Sources */ = {isa = PBXBuildFile; fileRef = 4C6438A40DE447E694E7C7A2 /* WorkoutListRowSummary.swift */; };
		D99BEFADF067168BE07054B7 /* ActivityRepositoryTests.swift in Sources */ = {isa = PBXBuildFile; fileRef = DF7B1B0129ECD29E4863ED33 /* ActivityRepositoryTests.swift */; };
		DA254D0A49D1F5754D20937D /* DailyStepGoalLiveActivityWidget.swift in Sources */ = {isa = PBXBuildFile; fileRef = 8833EC5E2D2E550C3938FB3D /* DailyStepGoalLiveActivityWidget.swift */; };
		DAAD0FA5B78121BCFFFD1704 /* AppViewPreferences.swift in Sources */ = {isa = PBXBuildFile; fileRef = 65D7F6FE469BFE17BD358635 /* AppViewPreferences.swift */; };
		DC70F02B7D2CAE247B84CF37 /* CompeteDiagnosticsSheet.swift in Sources */ = {isa = PBXBuildFile; fileRef = 8CFC434133058F80C65C14F7 /* CompeteDiagnosticsSheet.swift */; };
		E116F1E7EDDBB86ADA4E2B05 /* InsightEngine.swift in Sources */ = {isa = PBXBuildFile; fileRef = BFC828839F225D766AD0E781 /* InsightEngine.swift */; };
		E21D5814EC2321420A38482E /* ActivityShareCards.swift in Sources */ = {isa = PBXBuildFile; fileRef = DE9962B3C5C4F169D9C56B6A /* ActivityShareCards.swift */; };
		E2D29A6CDEE5F2D454EBC60C /* AppDiagnosticsSummary.swift in Sources */ = {isa = PBXBuildFile; fileRef = 67D9B116ECF5F149C6DBDFF8 /* AppDiagnosticsSummary.swift */; };
		E442144F8C686583F9AFFDF8 /* CompeteMemberDrillIn.swift in Sources */ = {isa = PBXBuildFile; fileRef = A344231B2C970D14DB3BAB1E /* CompeteMemberDrillIn.swift */; };
		E4C014561D71BFC16A3A8289 /* Assets.xcassets in Resources */ = {isa = PBXBuildFile; fileRef = A1C02F7D43B39AEA6366E622 /* Assets.xcassets */; };
		E5A06CBB02370F6044E4E8D4 /* SyncHouseholdBoardIntent.swift in Sources */ = {isa = PBXBuildFile; fileRef = ABE47746608E2C642AF88C37 /* SyncHouseholdBoardIntent.swift */; };
		E6FAC42C0D9AD221C54A18C2 /* WeekPattern.swift in Sources */ = {isa = PBXBuildFile; fileRef = 9EC951931AE64E918C49E372 /* WeekPattern.swift */; };
		E8517401405B48A36B00BBFE /* WeatherCardStyle.swift in Sources */ = {isa = PBXBuildFile; fileRef = 4AF7A5DA430DADDEC1AFCC5A /* WeatherCardStyle.swift */; };
		E8D6025E3EFB28BFF864451D /* TodayQuickDigest.swift in Sources */ = {isa = PBXBuildFile; fileRef = 14E7359C5691E26FD4279190 /* TodayQuickDigest.swift */; };
		EB9E548EA446DC5232B16AB5 /* CompetitionSyncDiagnostics.swift in Sources */ = {isa = PBXBuildFile; fileRef = 0B868AAEB8261EFDA8152935 /* CompetitionSyncDiagnostics.swift */; };
		EBC302E607B6EF8DDAF41E0F /* CompetitionView.swift in Sources */ = {isa = PBXBuildFile; fileRef = C419C531AB76EA4334533C31 /* CompetitionView.swift */; };
		ED92C447C5403E50B5038FFE /* StepReceiptWatch.app in Embed Watch Content */ = {isa = PBXBuildFile; fileRef = 454E46A98159F502B4E02190 /* StepReceiptWatch.app */; settings = {ATTRIBUTES = (RemoveHeadersOnCopy, ); }; };
		EDCD5E66CAF207873C7DD96B /* WorkoutHeartRateAnalysis.swift in Sources */ = {isa = PBXBuildFile; fileRef = 83C876E2BC4C76F64CC18FCD /* WorkoutHeartRateAnalysis.swift */; };
		EE1B261341D0D51090BE6FF5 /* CloudKitCompetitionShareExtractionTests.swift in Sources */ = {isa = PBXBuildFile; fileRef = 272FF1A898D4D0ACEC7AAD0B /* CloudKitCompetitionShareExtractionTests.swift */; };
		EFA6A6DD4D775DA58ED259A5 /* CompeteMemberDrillIn.swift in Sources */ = {isa = PBXBuildFile; fileRef = A344231B2C970D14DB3BAB1E /* CompeteMemberDrillIn.swift */; };
		F01091AA2982319451277810 /* DayWeatherSnapshot.swift in Sources */ = {isa = PBXBuildFile; fileRef = 9F6E7D6D146F0D0C00E3D4DB /* DayWeatherSnapshot.swift */; };
		F0DD436648182B71394BD0E8 /* LocationProvider.swift in Sources */ = {isa = PBXBuildFile; fileRef = 374F92C33B4292C4AA9C5A30 /* LocationProvider.swift */; };
		F14FB17701C332C2936A9371 /* InsightEngineTests.swift in Sources */ = {isa = PBXBuildFile; fileRef = 383189D076B4A58BE3AAC873 /* InsightEngineTests.swift */; };
		F25315E1DD8F54125E4C73B5 /* CompetitionModels.swift in Sources */ = {isa = PBXBuildFile; fileRef = F2247C8402E42C438C53D5D0 /* CompetitionModels.swift */; };
		F2A572570282E8F2D7017835 /* WorkoutExportBuilderTests.swift in Sources */ = {isa = PBXBuildFile; fileRef = 025D4125647F91E85D430D99 /* WorkoutExportBuilderTests.swift */; };
		F36D8680ADACC4A0D7D77497 /* StepReceiptApp.swift in Sources */ = {isa = PBXBuildFile; fileRef = 1501D87A48987DED06CFD7D6 /* StepReceiptApp.swift */; };
		F49A75EAA9D49AC5AA04FF96 /* WorkoutDetailView.swift in Sources */ = {isa = PBXBuildFile; fileRef = 11D4678D07205B15BE59624E /* WorkoutDetailView.swift */; };
		F5D7DAA3010CD140096EAE4D /* DisabledCloudSync.swift in Sources */ = {isa = PBXBuildFile; fileRef = F8424DD43B66EAE7C998AA28 /* DisabledCloudSync.swift */; };
		F6CDC890754D9C7AAE4357FF /* Assets.xcassets in Resources */ = {isa = PBXBuildFile; fileRef = 21E353CDC9BA092CAC3B26CD /* Assets.xcassets */; };
		F955F827A2DF72BF9E9B5A6D /* ActivityFormatting.swift in Sources */ = {isa = PBXBuildFile; fileRef = 213DCE28E5441F4415CF65C3 /* ActivityFormatting.swift */; };
		F9FE4E8FFADE5EDA16602F92 /* CompeteWelcomeView.swift in Sources */ = {isa = PBXBuildFile; fileRef = B50977D2B39AA9DEECAF0BD9 /* CompeteWelcomeView.swift */; };
		FE3F170D2BCA0D8C3A7C8291 /* AppRootView.swift in Sources */ = {isa = PBXBuildFile; fileRef = 39DFFFFFB6B508BE490DBA0C /* AppRootView.swift */; };
		FF42BF3650A3A03217058F4B /* ActivityHistoryView.swift in Sources */ = {isa = PBXBuildFile; fileRef = 7E7A92B4C354B314020D7686 /* ActivityHistoryView.swift */; };
/* End PBXBuildFile section */

/* Begin PBXContainerItemProxy section */
		3EA0E2EA275162790CFE4A6A /* PBXContainerItemProxy */ = {
			isa = PBXContainerItemProxy;
			containerPortal = B64FB614B72CA91568E55D28 /* Project object */;
			proxyType = 1;
			remoteGlobalIDString = D2360DDACCA33821BCA8DEDA;
			remoteInfo = StepReceiptLiveActivityWidget;
		};
		657DB415836771079BCB2230 /* PBXContainerItemProxy */ = {
			isa = PBXContainerItemProxy;
			containerPortal = B64FB614B72CA91568E55D28 /* Project object */;
			proxyType = 1;
			remoteGlobalIDString = C9B550CC190A22C8718F6637;
			remoteInfo = StepReceipt;
		};
		6C4737D4A0D56B92D29AD5A4 /* PBXContainerItemProxy */ = {
			isa = PBXContainerItemProxy;
			containerPortal = B64FB614B72CA91568E55D28 /* Project object */;
			proxyType = 1;
			remoteGlobalIDString = 15D4522D1F1528A2356A68B1;
			remoteInfo = StepReceiptWatch;
		};
		9F1DA23658436F6F9EA72CEA /* PBXContainerItemProxy */ = {
			isa = PBXContainerItemProxy;
			containerPortal = B64FB614B72CA91568E55D28 /* Project object */;
			proxyType = 1;
			remoteGlobalIDString = E66BD85E8666C48F51DE932E;
			remoteInfo = StepReceiptWatchExtension;
		};
/* End PBXContainerItemProxy section */

/* Begin PBXCopyFilesBuildPhase section */
		B132D645989F80674812CA08 /* Embed Foundation Extensions */ = {
			isa = PBXCopyFilesBuildPhase;
			buildActionMask = 2147483647;
			dstPath = "";
			dstSubfolderSpec = 13;
			files = (
				A1CC2843D309D78570C8CECD /* StepReceiptWatchExtension.appex in Embed Foundation Extensions */,
			);
			name = "Embed Foundation Extensions";
			runOnlyForDeploymentPostprocessing = 0;
		};
		ECA173B44BD95B8FCFB0902D /* Embed Watch Content */ = {
			isa = PBXCopyFilesBuildPhase;
			buildActionMask = 2147483647;
			dstPath = "$(CONTENTS_FOLDER_PATH)/Watch";
			dstSubfolderSpec = 16;
			files = (
				ED92C447C5403E50B5038FFE /* StepReceiptWatch.app in Embed Watch Content */,
			);
			name = "Embed Watch Content";
			runOnlyForDeploymentPostprocessing = 0;
		};
		F870C07FDD189D4B817BE8B2 /* Embed Foundation Extensions */ = {
			isa = PBXCopyFilesBuildPhase;
			buildActionMask = 2147483647;
			dstPath = "";
			dstSubfolderSpec = 13;
			files = (
				610B65E52530B8D2AA8CC3D1 /* StepReceiptLiveActivityWidget.appex in Embed Foundation Extensions */,
			);
			name = "Embed Foundation Extensions";
			runOnlyForDeploymentPostprocessing = 0;
		};
/* End PBXCopyFilesBuildPhase section */

/* Begin PBXFileReference section */
		01FE8FC31B754F965BEE4F10 /* WorkoutTemplate.swift */ = {isa = PBXFileReference; lastKnownFileType = sourcecode.swift; path = WorkoutTemplate.swift; sourceTree = "<group>"; };
		025D4125647F91E85D430D99 /* WorkoutExportBuilderTests.swift */ = {isa = PBXFileReference; lastKnownFileType = sourcecode.swift; path = WorkoutExportBuilderTests.swift; sourceTree = "<group>"; };
		03AE46AC632C6320A12DB319 /* CompeteSharedComponents.swift */ = {isa = PBXFileReference; lastKnownFileType = sourcecode.swift; path = CompeteSharedComponents.swift; sourceTree = "<group>"; };
		057211AE7F56C8663846C412 /* CompeteJoinDeepLink.swift */ = {isa = PBXFileReference; lastKnownFileType = sourcecode.swift; path = CompeteJoinDeepLink.swift; sourceTree = "<group>"; };
		0B868AAEB8261EFDA8152935 /* CompetitionSyncDiagnostics.swift */ = {isa = PBXFileReference; lastKnownFileType = sourcecode.swift; path = CompetitionSyncDiagnostics.swift; sourceTree = "<group>"; };
		0D57F3895E50EF7A9223E9D8 /* DailyGreeting.swift */ = {isa = PBXFileReference; lastKnownFileType = sourcecode.swift; path = DailyGreeting.swift; sourceTree = "<group>"; };
		0F6399D81FA5F7E4E642FE20 /* CompeteLeaderboardView.swift */ = {isa = PBXFileReference; lastKnownFileType = sourcecode.swift; path = CompeteLeaderboardView.swift; sourceTree = "<group>"; };
		0FBDAB0D044D30F7B106CB35 /* DayFlowPatternSheet.swift */ = {isa = PBXFileReference; lastKnownFileType = sourcecode.swift; path = DayFlowPatternSheet.swift; sourceTree = "<group>"; };
		1011A2BF853A9E608436A609 /* StepReceiptUITests.swift */ = {isa = PBXFileReference; lastKnownFileType = sourcecode.swift; path = StepReceiptUITests.swift; sourceTree = "<group>"; };
		117B0DB121C58BD175E13816 /* StepReceiptTheme.swift */ = {isa = PBXFileReference; lastKnownFileType = sourcecode.swift; path = StepReceiptTheme.swift; sourceTree = "<group>"; };
		11D4678D07205B15BE59624E /* WorkoutDetailView.swift */ = {isa = PBXFileReference; lastKnownFileType = sourcecode.swift; path = WorkoutDetailView.swift; sourceTree = "<group>"; };
		12362F0A4CC4AA2903348839 /* CoreLocation.framework */ = {isa = PBXFileReference; lastKnownFileType = wrapper.framework; name = CoreLocation.framework; path = System/Library/Frameworks/CoreLocation.framework; sourceTree = SDKROOT; };
		14E7359C5691E26FD4279190 /* TodayQuickDigest.swift */ = {isa = PBXFileReference; lastKnownFileType = sourcecode.swift; path = TodayQuickDigest.swift; sourceTree = "<group>"; };
		1501D87A48987DED06CFD7D6 /* StepReceiptApp.swift */ = {isa = PBXFileReference; lastKnownFileType = sourcecode.swift; path = StepReceiptApp.swift; sourceTree = "<group>"; };
		1B94A051AE67972A1FFCCC6D /* CompeteMemberDrillInSheet.swift */ = {isa = PBXFileReference; lastKnownFileType = sourcecode.swift; path = CompeteMemberDrillInSheet.swift; sourceTree = "<group>"; };
		213DCE28E5441F4415CF65C3 /* ActivityFormatting.swift */ = {isa = PBXFileReference; lastKnownFileType = sourcecode.swift; path = ActivityFormatting.swift; sourceTree = "<group>"; };
		21E353CDC9BA092CAC3B26CD /* Assets.xcassets */ = {isa = PBXFileReference; lastKnownFileType = folder.assetcatalog; path = Assets.xcassets; sourceTree = "<group>"; };
		2559010F6CDB9CB983F639EF /* CompetitionPushRegistration.swift */ = {isa = PBXFileReference; lastKnownFileType = sourcecode.swift; path = CompetitionPushRegistration.swift; sourceTree = "<group>"; };
		25C738F9EFA337A11DF91517 /* CompeteJoinConfirmationSheet.swift */ = {isa = PBXFileReference; lastKnownFileType = sourcecode.swift; path = CompeteJoinConfirmationSheet.swift; sourceTree = "<group>"; };
		26B16BA2972BEB05E04E8839 /* DayWeatherSnapshotTests.swift */ = {isa = PBXFileReference; lastKnownFileType = sourcecode.swift; path = DayWeatherSnapshotTests.swift; sourceTree = "<group>"; };
		272FF1A898D4D0ACEC7AAD0B /* CloudKitCompetitionShareExtractionTests.swift */ = {isa = PBXFileReference; lastKnownFileType = sourcecode.swift; path = CloudKitCompetitionShareExtractionTests.swift; sourceTree = "<group>"; };
		314F8863B0EEF88213334031 /* WatchAggregateSnapshot.swift */ = {isa = PBXFileReference; lastKnownFileType = sourcecode.swift; path = WatchAggregateSnapshot.swift; sourceTree = "<group>"; };
		3633B44059157A8A7099B095 /* WorkoutExportBuilder.swift */ = {isa = PBXFileReference; lastKnownFileType = sourcecode.swift; path = WorkoutExportBuilder.swift; sourceTree = "<group>"; };
		374F92C33B4292C4AA9C5A30 /* LocationProvider.swift */ = {isa = PBXFileReference; lastKnownFileType = sourcecode.swift; path = LocationProvider.swift; sourceTree = "<group>"; };
		383189D076B4A58BE3AAC873 /* InsightEngineTests.swift */ = {isa = PBXFileReference; lastKnownFileType = sourcecode.swift; path = InsightEngineTests.swift; sourceTree = "<group>"; };
		39DFFFFFB6B508BE490DBA0C /* AppRootView.swift */ = {isa = PBXFileReference; lastKnownFileType = sourcecode.swift; path = AppRootView.swift; sourceTree = "<group>"; };
		3ABD1F7EC05A558F48BCE9FA /* WeatherDetailSheet.swift */ = {isa = PBXFileReference; lastKnownFileType = sourcecode.swift; path = WeatherDetailSheet.swift; sourceTree = "<group>"; };
		42A559BD53296F30FB6E3975 /* WeatherAttributionView.swift */ = {isa = PBXFileReference; lastKnownFileType = sourcecode.swift; path = WeatherAttributionView.swift; sourceTree = "<group>"; };
		454E46A98159F502B4E02190 /* StepReceiptWatch.app */ = {isa = PBXFileReference; explicitFileType = wrapper.application; includeInIndex = 0; path = StepReceiptWatch.app; sourceTree = BUILT_PRODUCTS_DIR; };
		4AF7A5DA430DADDEC1AFCC5A /* WeatherCardStyle.swift */ = {isa = PBXFileReference; lastKnownFileType = sourcecode.swift; path = WeatherCardStyle.swift; sourceTree = "<group>"; };
		4C6438A40DE447E694E7C7A2 /* WorkoutListRowSummary.swift */ = {isa = PBXFileReference; lastKnownFileType = sourcecode.swift; path = WorkoutListRowSummary.swift; sourceTree = "<group>"; };
		4D00E52B658C60744BEABEE1 /* StepReceiptWatchExtensionApp.swift */ = {isa = PBXFileReference; lastKnownFileType = sourcecode.swift; path = StepReceiptWatchExtensionApp.swift; sourceTree = "<group>"; };
		4DCC0C1304839C961A50B33C /* Info.plist */ = {isa = PBXFileReference; lastKnownFileType = text.plist; path = Info.plist; sourceTree = "<group>"; };
		4DE8335880DF5D9D93CCF5FA /* PrivacyInfo.xcprivacy */ = {isa = PBXFileReference; path = PrivacyInfo.xcprivacy; sourceTree = "<group>"; };
		4F388EDFD0E2F41B410F36BA /* DailyStepGoalAttributesTests.swift */ = {isa = PBXFileReference; lastKnownFileType = sourcecode.swift; path = DailyStepGoalAttributesTests.swift; sourceTree = "<group>"; };
		50F357340DDD9DDF45F237C8 /* CompeteJoinDeepLinkTests.swift */ = {isa = PBXFileReference; lastKnownFileType = sourcecode.swift; path = CompeteJoinDeepLinkTests.swift; sourceTree = "<group>"; };
		55633B2D928640B24E32CC63 /* DailyStepGoalAttributes.swift */ = {isa = PBXFileReference; lastKnownFileType = sourcecode.swift; path = DailyStepGoalAttributes.swift; sourceTree = "<group>"; };
		58E3FFE7A3CA96D1C0E60811 /* WatchAggregateSnapshotTests.swift */ = {isa = PBXFileReference; lastKnownFileType = sourcecode.swift; path = WatchAggregateSnapshotTests.swift; sourceTree = "<group>"; };
		5A249F2968826E55703ADEF4 /* DayFlowCard.swift */ = {isa = PBXFileReference; lastKnownFileType = sourcecode.swift; path = DayFlowCard.swift; sourceTree = "<group>"; };
		5FB0CC2E1A04C1B20AE95BDB /* WeatherKit.framework */ = {isa = PBXFileReference; lastKnownFileType = wrapper.framework; name = WeatherKit.framework; path = System/Library/Frameworks/WeatherKit.framework; sourceTree = SDKROOT; };
		6277880B45319181EE54747C /* CompetitionEngine.swift */ = {isa = PBXFileReference; lastKnownFileType = sourcecode.swift; path = CompetitionEngine.swift; sourceTree = "<group>"; };
		63A6EA53FBB377B2AB87EA82 /* Info.plist */ = {isa = PBXFileReference; lastKnownFileType = text.plist; path = Info.plist; sourceTree = "<group>"; };
		65D7F6FE469BFE17BD358635 /* AppViewPreferences.swift */ = {isa = PBXFileReference; lastKnownFileType = sourcecode.swift; path = AppViewPreferences.swift; sourceTree = "<group>"; };
		67D9B116ECF5F149C6DBDFF8 /* AppDiagnosticsSummary.swift */ = {isa = PBXFileReference; lastKnownFileType = sourcecode.swift; path = AppDiagnosticsSummary.swift; sourceTree = "<group>"; };
		69D23BBA2446988C6BECABA5 /* HealthKitClient.swift */ = {isa = PBXFileReference; lastKnownFileType = sourcecode.swift; path = HealthKitClient.swift; sourceTree = "<group>"; };
		6A3763D40898922FBC0B3DAE /* StepReceiptAppIntentsSupport.swift */ = {isa = PBXFileReference; lastKnownFileType = sourcecode.swift; path = StepReceiptAppIntentsSupport.swift; sourceTree = "<group>"; };
		707E420CC51D70EA4C77BD16 /* StepReceiptUITests.xctest */ = {isa = PBXFileReference; includeInIndex = 0; lastKnownFileType = wrapper.cfbundle; path = StepReceiptUITests.xctest; sourceTree = BUILT_PRODUCTS_DIR; };
		770ADADCC23BE9B63604D0D4 /* WeatherKitClient.swift */ = {isa = PBXFileReference; lastKnownFileType = sourcecode.swift; path = WeatherKitClient.swift; sourceTree = "<group>"; };
		77D7B3688BBF71678CEEFABC /* SettingsView.swift */ = {isa = PBXFileReference; lastKnownFileType = sourcecode.swift; path = SettingsView.swift; sourceTree = "<group>"; };
		7BCCA4BE75DE26E667433C90 /* InsightsView.swift */ = {isa = PBXFileReference; lastKnownFileType = sourcecode.swift; path = InsightsView.swift; sourceTree = "<group>"; };
		7E357606AC0CD984549A73DB /* StepReceiptLiveActivityWidget.appex */ = {isa = PBXFileReference; includeInIndex = 0; lastKnownFileType = "wrapper.app-extension"; path = StepReceiptLiveActivityWidget.appex; sourceTree = BUILT_PRODUCTS_DIR; };
		7E7A92B4C354B314020D7686 /* ActivityHistoryView.swift */ = {isa = PBXFileReference; lastKnownFileType = sourcecode.swift; path = ActivityHistoryView.swift; sourceTree = "<group>"; };
		7FF9F703777D1EEDBD277A26 /* ActivityRepository.swift */ = {isa = PBXFileReference; lastKnownFileType = sourcecode.swift; path = ActivityRepository.swift; sourceTree = "<group>"; };
		818A88A8C5697024CAAEED65 /* CoachInsightsSheet.swift */ = {isa = PBXFileReference; lastKnownFileType = sourcecode.swift; path = CoachInsightsSheet.swift; sourceTree = "<group>"; };
		83C876E2BC4C76F64CC18FCD /* WorkoutHeartRateAnalysis.swift */ = {isa = PBXFileReference; lastKnownFileType = sourcecode.swift; path = WorkoutHeartRateAnalysis.swift; sourceTree = "<group>"; };
		845F5FA4AF425A68DF122B9F /* WorkoutTemplateTests.swift */ = {isa = PBXFileReference; lastKnownFileType = sourcecode.swift; path = WorkoutTemplateTests.swift; sourceTree = "<group>"; };
		85009525BF2500CD45F380F3 /* WorkoutListRowSummaryTests.swift */ = {isa = PBXFileReference; lastKnownFileType = sourcecode.swift; path = WorkoutListRowSummaryTests.swift; sourceTree = "<group>"; };
		8833EC5E2D2E550C3938FB3D /* DailyStepGoalLiveActivityWidget.swift */ = {isa = PBXFileReference; lastKnownFileType = sourcecode.swift; path = DailyStepGoalLiveActivityWidget.swift; sourceTree = "<group>"; };
		8C0B3575FC5BB1E53ADCF564 /* CloudKitCompetitionSync.swift */ = {isa = PBXFileReference; lastKnownFileType = sourcecode.swift; path = CloudKitCompetitionSync.swift; sourceTree = "<group>"; };
		8CFC434133058F80C65C14F7 /* CompeteDiagnosticsSheet.swift */ = {isa = PBXFileReference; lastKnownFileType = sourcecode.swift; path = CompeteDiagnosticsSheet.swift; sourceTree = "<group>"; };
		8EB088DB04397C8E8906DD12 /* CompeteSetupWizardView.swift */ = {isa = PBXFileReference; lastKnownFileType = sourcecode.swift; path = CompeteSetupWizardView.swift; sourceTree = "<group>"; };
		92A596D67267D846622D7C10 /* WeekPatternBuilderTests.swift */ = {isa = PBXFileReference; lastKnownFileType = sourcecode.swift; path = WeekPatternBuilderTests.swift; sourceTree = "<group>"; };
		959A2CCCF4B42D0CEACF96F6 /* CloudKitSummarySync.swift */ = {isa = PBXFileReference; lastKnownFileType = sourcecode.swift; path = CloudKitSummarySync.swift; sourceTree = "<group>"; };
		997B289667C39587ECC74D74 /* StepReceiptShortcuts.swift */ = {isa = PBXFileReference; lastKnownFileType = sourcecode.swift; path = StepReceiptShortcuts.swift; sourceTree = "<group>"; };
		99FD9C3C92479B3254D64726 /* StepReceipt.entitlements */ = {isa = PBXFileReference; lastKnownFileType = text.plist.entitlements; path = StepReceipt.entitlements; sourceTree = "<group>"; };
		9A50A866D8EB7ACE8B4F3D85 /* CloudKitCompetitionSubscriptionService.swift */ = {isa = PBXFileReference; lastKnownFileType = sourcecode.swift; path = CloudKitCompetitionSubscriptionService.swift; sourceTree = "<group>"; };
		9EC951931AE64E918C49E372 /* WeekPattern.swift */ = {isa = PBXFileReference; lastKnownFileType = sourcecode.swift; path = WeekPattern.swift; sourceTree = "<group>"; };
		9F6E7D6D146F0D0C00E3D4DB /* DayWeatherSnapshot.swift */ = {isa = PBXFileReference; lastKnownFileType = sourcecode.swift; path = DayWeatherSnapshot.swift; sourceTree = "<group>"; };
		A1C02F7D43B39AEA6366E622 /* Assets.xcassets */ = {isa = PBXFileReference; lastKnownFileType = folder.assetcatalog; path = Assets.xcassets; sourceTree = "<group>"; };
		A344231B2C970D14DB3BAB1E /* CompeteMemberDrillIn.swift */ = {isa = PBXFileReference; lastKnownFileType = sourcecode.swift; path = CompeteMemberDrillIn.swift; sourceTree = "<group>"; };
		A3E466871A0C08B9BA5BABBF /* AppTabRoots.swift */ = {isa = PBXFileReference; lastKnownFileType = sourcecode.swift; path = AppTabRoots.swift; sourceTree = "<group>"; };
		ABE47746608E2C642AF88C37 /* SyncHouseholdBoardIntent.swift */ = {isa = PBXFileReference; lastKnownFileType = sourcecode.swift; path = SyncHouseholdBoardIntent.swift; sourceTree = "<group>"; };
		AD6B7417D3EFDD9888B040DF /* TodayQuickDigestTests.swift */ = {isa = PBXFileReference; lastKnownFileType = sourcecode.swift; path = TodayQuickDigestTests.swift; sourceTree = "<group>"; };
		B005210EC9FD6A67E22A9279 /* ActivityFormattingTests.swift */ = {isa = PBXFileReference; lastKnownFileType = sourcecode.swift; path = ActivityFormattingTests.swift; sourceTree = "<group>"; };
		B3E86DD2B190F3D1DC3536CD /* GetTodayStepsIntent.swift */ = {isa = PBXFileReference; lastKnownFileType = sourcecode.swift; path = GetTodayStepsIntent.swift; sourceTree = "<group>"; };
		B50977D2B39AA9DEECAF0BD9 /* CompeteWelcomeView.swift */ = {isa = PBXFileReference; lastKnownFileType = sourcecode.swift; path = CompeteWelcomeView.swift; sourceTree = "<group>"; };
		B5E72FF0AA07495D77848FD2 /* StepReceiptWatchExtension.appex */ = {isa = PBXFileReference; explicitFileType = "wrapper.app-extension"; includeInIndex = 0; path = StepReceiptWatchExtension.appex; sourceTree = BUILT_PRODUCTS_DIR; };
		B76BCFD5BECADB9D310BDF14 /* CompetitionSubscriptionTests.swift */ = {isa = PBXFileReference; lastKnownFileType = sourcecode.swift; path = CompetitionSubscriptionTests.swift; sourceTree = "<group>"; };
		BA9489EE258B17E15163CE4F /* WatchAggregateSyncService.swift */ = {isa = PBXFileReference; lastKnownFileType = sourcecode.swift; path = WatchAggregateSyncService.swift; sourceTree = "<group>"; };
		BB6E09C0351D4BC1627353D9 /* Info.plist */ = {isa = PBXFileReference; lastKnownFileType = text.plist; path = Info.plist; sourceTree = "<group>"; };
		BDA504AF04C5EA25DC6F1C38 /* OpenCompeteIntent.swift */ = {isa = PBXFileReference; lastKnownFileType = sourcecode.swift; path = OpenCompeteIntent.swift; sourceTree = "<group>"; };
		BFC828839F225D766AD0E781 /* InsightEngine.swift */ = {isa = PBXFileReference; lastKnownFileType = sourcecode.swift; path = InsightEngine.swift; sourceTree = "<group>"; };
		C419C531AB76EA4334533C31 /* CompetitionView.swift */ = {isa = PBXFileReference; lastKnownFileType = sourcecode.swift; path = CompetitionView.swift; sourceTree = "<group>"; };
		C6034645DB17C879B4BD7319 /* StepReceiptDebug.entitlements */ = {isa = PBXFileReference; lastKnownFileType = text.plist.entitlements; path = StepReceiptDebug.entitlements; sourceTree = "<group>"; };
		C8A1FCC0A7B537DB50C6F395 /* DailyUseQOLTests.swift */ = {isa = PBXFileReference; lastKnownFileType = sourcecode.swift; path = DailyUseQOLTests.swift; sourceTree = "<group>"; };
		C91B022F49B7155BF630F06F /* ActivityModels.swift */ = {isa = PBXFileReference; lastKnownFileType = sourcecode.swift; path = ActivityModels.swift; sourceTree = "<group>"; };
		CDF2410BC86F829C2541EEFD /* StepReceipt.LocalPersonal.entitlements */ = {isa = PBXFileReference; lastKnownFileType = text.plist.entitlements; path = StepReceipt.LocalPersonal.entitlements; sourceTree = "<group>"; };
		D00F117E254792CDF334A71F /* DailyStepGoalLiveActivityService.swift */ = {isa = PBXFileReference; lastKnownFileType = sourcecode.swift; path = DailyStepGoalLiveActivityService.swift; sourceTree = "<group>"; };
		D369EBF714737EB48F0667E4 /* DailyGreetingBuilderTests.swift */ = {isa = PBXFileReference; lastKnownFileType = sourcecode.swift; path = DailyGreetingBuilderTests.swift; sourceTree = "<group>"; };
		D59919A8F9748A60F3DF35DD /* StepReceipt.app */ = {isa = PBXFileReference; includeInIndex = 0; lastKnownFileType = wrapper.application; path = StepReceipt.app; sourceTree = BUILT_PRODUCTS_DIR; };
		D6034BC04F9278E1F1F6A7C6 /* WorkoutHeartRateAnalysisTests.swift */ = {isa = PBXFileReference; lastKnownFileType = sourcecode.swift; path = WorkoutHeartRateAnalysisTests.swift; sourceTree = "<group>"; };
		D7AA520E58D9123739472025 /* ShareSheet.swift */ = {isa = PBXFileReference; lastKnownFileType = sourcecode.swift; path = ShareSheet.swift; sourceTree = "<group>"; };
		DE9962B3C5C4F169D9C56B6A /* ActivityShareCards.swift */ = {isa = PBXFileReference; lastKnownFileType = sourcecode.swift; path = ActivityShareCards.swift; sourceTree = "<group>"; };
		DF7B1B0129ECD29E4863ED33 /* ActivityRepositoryTests.swift */ = {isa = PBXFileReference; lastKnownFileType = sourcecode.swift; path = ActivityRepositoryTests.swift; sourceTree = "<group>"; };
		E04E44CCE24EE4D7A0B40583 /* StepReceiptTests.xctest */ = {isa = PBXFileReference; includeInIndex = 0; lastKnownFileType = wrapper.cfbundle; path = StepReceiptTests.xctest; sourceTree = BUILT_PRODUCTS_DIR; };
		E2FFA6CED0C12705921209C5 /* CompeteMemberDrillInTests.swift */ = {isa = PBXFileReference; lastKnownFileType = sourcecode.swift; path = CompeteMemberDrillInTests.swift; sourceTree = "<group>"; };
		E6428ADCADAC2E8A81E51AB5 /* CompeteHouseholdSheet.swift */ = {isa = PBXFileReference; lastKnownFileType = sourcecode.swift; path = CompeteHouseholdSheet.swift; sourceTree = "<group>"; };
		E6DCB0108D22D9887D64D763 /* TodayView.swift */ = {isa = PBXFileReference; lastKnownFileType = sourcecode.swift; path = TodayView.swift; sourceTree = "<group>"; };
		E863E61B852579953F4FEDF7 /* Info.plist */ = {isa = PBXFileReference; lastKnownFileType = text.plist; path = Info.plist; sourceTree = "<group>"; };
		E9FA9C664124BF11E10FEF64 /* StepReceiptAppDelegate.swift */ = {isa = PBXFileReference; lastKnownFileType = sourcecode.swift; path = StepReceiptAppDelegate.swift; sourceTree = "<group>"; };
		F2247C8402E42C438C53D5D0 /* CompetitionModels.swift */ = {isa = PBXFileReference; lastKnownFileType = sourcecode.swift; path = CompetitionModels.swift; sourceTree = "<group>"; };
		F8424DD43B66EAE7C998AA28 /* DisabledCloudSync.swift */ = {isa = PBXFileReference; lastKnownFileType = sourcecode.swift; path = DisabledCloudSync.swift; sourceTree = "<group>"; };
/* End PBXFileReference section */

/* Begin PBXFrameworksBuildPhase section */
		C168B40B75B010FE4D750FFE /* Frameworks */ = {
			isa = PBXFrameworksBuildPhase;
			buildActionMask = 2147483647;
			files = (
				8E8036A6926EF7AB002E04D1 /* WeatherKit.framework in Frameworks */,
				7A902CF5A1B15459BC2EBBAC /* CoreLocation.framework in Frameworks */,
			);
			runOnlyForDeploymentPostprocessing = 0;
		};
/* End PBXFrameworksBuildPhase section */

/* Begin PBXGroup section */
		0A4786819E11CC5F26CBD1FD /* Design */ = {
			isa = PBXGroup;
			children = (
				117B0DB121C58BD175E13816 /* StepReceiptTheme.swift */,
			);
			path = Design;
			sourceTree = "<group>";
		};
		103A755D1F97E37535B65287 /* StepReceiptWatch */ = {
			isa = PBXGroup;
			children = (
				21E353CDC9BA092CAC3B26CD /* Assets.xcassets */,
				E863E61B852579953F4FEDF7 /* Info.plist */,
			);
			path = StepReceiptWatch;
			sourceTree = "<group>";
		};
		105AE4026E32E03DA963A150 /* StepReceiptApp */ = {
			isa = PBXGroup;
			children = (
				A1C02F7D43B39AEA6366E622 /* Assets.xcassets */,
				63A6EA53FBB377B2AB87EA82 /* Info.plist */,
				4DE8335880DF5D9D93CCF5FA /* PrivacyInfo.xcprivacy */,
				99FD9C3C92479B3254D64726 /* StepReceipt.entitlements */,
				CDF2410BC86F829C2541EEFD /* StepReceipt.LocalPersonal.entitlements */,
				C6034645DB17C879B4BD7319 /* StepReceiptDebug.entitlements */,
				1D76CF2A8C2C1E62869B1397 /* App */,
				0A4786819E11CC5F26CBD1FD /* Design */,
				E4CBC1BAE1A8EF644F5E9BBB /* Intents */,
				BCA932C06580B65016C7D3F4 /* Services */,
				2C56DB994E76FD5436810B2A /* Views */,
			);
			path = StepReceiptApp;
			sourceTree = "<group>";
		};
		1D76CF2A8C2C1E62869B1397 /* App */ = {
			isa = PBXGroup;
			children = (
				39DFFFFFB6B508BE490DBA0C /* AppRootView.swift */,
				A3E466871A0C08B9BA5BABBF /* AppTabRoots.swift */,
				1501D87A48987DED06CFD7D6 /* StepReceiptApp.swift */,
				E9FA9C664124BF11E10FEF64 /* StepReceiptAppDelegate.swift */,
			);
			path = App;
			sourceTree = "<group>";
		};
		1F23641E4AA06ACFEC251895 /* StepReceiptUITests */ = {
			isa = PBXGroup;
			children = (
				1011A2BF853A9E608436A609 /* StepReceiptUITests.swift */,
			);
			name = StepReceiptUITests;
			path = Tests/StepReceiptUITests;
			sourceTree = "<group>";
		};
		2C56DB994E76FD5436810B2A /* Views */ = {
			isa = PBXGroup;
			children = (
				7E7A92B4C354B314020D7686 /* ActivityHistoryView.swift */,
				DE9962B3C5C4F169D9C56B6A /* ActivityShareCards.swift */,
				818A88A8C5697024CAAEED65 /* CoachInsightsSheet.swift */,
				C419C531AB76EA4334533C31 /* CompetitionView.swift */,
				5A249F2968826E55703ADEF4 /* DayFlowCard.swift */,
				0FBDAB0D044D30F7B106CB35 /* DayFlowPatternSheet.swift */,
				7BCCA4BE75DE26E667433C90 /* InsightsView.swift */,
				77D7B3688BBF71678CEEFABC /* SettingsView.swift */,
				D7AA520E58D9123739472025 /* ShareSheet.swift */,
				E6DCB0108D22D9887D64D763 /* TodayView.swift */,
				42A559BD53296F30FB6E3975 /* WeatherAttributionView.swift */,
				4AF7A5DA430DADDEC1AFCC5A /* WeatherCardStyle.swift */,
				3ABD1F7EC05A558F48BCE9FA /* WeatherDetailSheet.swift */,
				11D4678D07205B15BE59624E /* WorkoutDetailView.swift */,
				F31D9A7FEE3EE026CF636FF5 /* Compete */,
			);
			path = Views;
			sourceTree = "<group>";
		};
		3B4C326B859CB84076B4F1A8 /* StepReceiptCore */ = {
			isa = PBXGroup;
			children = (
				213DCE28E5441F4415CF65C3 /* ActivityFormatting.swift */,
				C91B022F49B7155BF630F06F /* ActivityModels.swift */,
				057211AE7F56C8663846C412 /* CompeteJoinDeepLink.swift */,
				A344231B2C970D14DB3BAB1E /* CompeteMemberDrillIn.swift */,
				6277880B45319181EE54747C /* CompetitionEngine.swift */,
				F2247C8402E42C438C53D5D0 /* CompetitionModels.swift */,
				0D57F3895E50EF7A9223E9D8 /* DailyGreeting.swift */,
				9F6E7D6D146F0D0C00E3D4DB /* DayWeatherSnapshot.swift */,
				BFC828839F225D766AD0E781 /* InsightEngine.swift */,
				14E7359C5691E26FD4279190 /* TodayQuickDigest.swift */,
				9EC951931AE64E918C49E372 /* WeekPattern.swift */,
				3633B44059157A8A7099B095 /* WorkoutExportBuilder.swift */,
				83C876E2BC4C76F64CC18FCD /* WorkoutHeartRateAnalysis.swift */,
				4C6438A40DE447E694E7C7A2 /* WorkoutListRowSummary.swift */,
				01FE8FC31B754F965BEE4F10 /* WorkoutTemplate.swift */,
			);
			name = StepReceiptCore;
			path = Sources/StepReceiptCore;
			sourceTree = "<group>";
		};
		591C7FB6E989A88D1E029FB9 /* StepReceiptAppTests */ = {
			isa = PBXGroup;
			children = (
				DF7B1B0129ECD29E4863ED33 /* ActivityRepositoryTests.swift */,
				272FF1A898D4D0ACEC7AAD0B /* CloudKitCompetitionShareExtractionTests.swift */,
				B76BCFD5BECADB9D310BDF14 /* CompetitionSubscriptionTests.swift */,
				4F388EDFD0E2F41B410F36BA /* DailyStepGoalAttributesTests.swift */,
				C8A1FCC0A7B537DB50C6F395 /* DailyUseQOLTests.swift */,
				58E3FFE7A3CA96D1C0E60811 /* WatchAggregateSnapshotTests.swift */,
			);
			name = StepReceiptAppTests;
			path = Tests/StepReceiptAppTests;
			sourceTree = "<group>";
		};
		62B83B43F9A93198B1D3FADB /* Products */ = {
			isa = PBXGroup;
			children = (
				D59919A8F9748A60F3DF35DD /* StepReceipt.app */,
				7E357606AC0CD984549A73DB /* StepReceiptLiveActivityWidget.appex */,
				E04E44CCE24EE4D7A0B40583 /* StepReceiptTests.xctest */,
				707E420CC51D70EA4C77BD16 /* StepReceiptUITests.xctest */,
				454E46A98159F502B4E02190 /* StepReceiptWatch.app */,
				B5E72FF0AA07495D77848FD2 /* StepReceiptWatchExtension.appex */,
			);
			name = Products;
			sourceTree = "<group>";
		};
		809FFF5376A41A08FFB6F054 /* StepReceiptWatchShared */ = {
			isa = PBXGroup;
			children = (
				314F8863B0EEF88213334031 /* WatchAggregateSnapshot.swift */,
			);
			path = StepReceiptWatchShared;
			sourceTree = "<group>";
		};
		A385142CBBD07E9ABFDEE00C /* StepReceiptCoreTests */ = {
			isa = PBXGroup;
			children = (
				B005210EC9FD6A67E22A9279 /* ActivityFormattingTests.swift */,
				50F357340DDD9DDF45F237C8 /* CompeteJoinDeepLinkTests.swift */,
				E2FFA6CED0C12705921209C5 /* CompeteMemberDrillInTests.swift */,
				D369EBF714737EB48F0667E4 /* DailyGreetingBuilderTests.swift */,
				26B16BA2972BEB05E04E8839 /* DayWeatherSnapshotTests.swift */,
				383189D076B4A58BE3AAC873 /* InsightEngineTests.swift */,
				AD6B7417D3EFDD9888B040DF /* TodayQuickDigestTests.swift */,
				92A596D67267D846622D7C10 /* WeekPatternBuilderTests.swift */,
				025D4125647F91E85D430D99 /* WorkoutExportBuilderTests.swift */,
				D6034BC04F9278E1F1F6A7C6 /* WorkoutHeartRateAnalysisTests.swift */,
				85009525BF2500CD45F380F3 /* WorkoutListRowSummaryTests.swift */,
				845F5FA4AF425A68DF122B9F /* WorkoutTemplateTests.swift */,
			);
			name = StepReceiptCoreTests;
			path = Tests/StepReceiptCoreTests;
			sourceTree = "<group>";
		};
		A688B28F7B4C9C53AAE7F94E /* StepReceiptLiveActivityWidget */ = {
			isa = PBXGroup;
			children = (
				8833EC5E2D2E550C3938FB3D /* DailyStepGoalLiveActivityWidget.swift */,
				BB6E09C0351D4BC1627353D9 /* Info.plist */,
			);
			path = StepReceiptLiveActivityWidget;
			sourceTree = "<group>";
		};
		B128B625F2963AD15D86C52D /* Frameworks */ = {
			isa = PBXGroup;
			children = (
				12362F0A4CC4AA2903348839 /* CoreLocation.framework */,
				5FB0CC2E1A04C1B20AE95BDB /* WeatherKit.framework */,
			);
			name = Frameworks;
			sourceTree = "<group>";
		};
		BCA932C06580B65016C7D3F4 /* Services */ = {
			isa = PBXGroup;
			children = (
				7FF9F703777D1EEDBD277A26 /* ActivityRepository.swift */,
				67D9B116ECF5F149C6DBDFF8 /* AppDiagnosticsSummary.swift */,
				65D7F6FE469BFE17BD358635 /* AppViewPreferences.swift */,
				9A50A866D8EB7ACE8B4F3D85 /* CloudKitCompetitionSubscriptionService.swift */,
				8C0B3575FC5BB1E53ADCF564 /* CloudKitCompetitionSync.swift */,
				959A2CCCF4B42D0CEACF96F6 /* CloudKitSummarySync.swift */,
				2559010F6CDB9CB983F639EF /* CompetitionPushRegistration.swift */,
				0B868AAEB8261EFDA8152935 /* CompetitionSyncDiagnostics.swift */,
				D00F117E254792CDF334A71F /* DailyStepGoalLiveActivityService.swift */,
				F8424DD43B66EAE7C998AA28 /* DisabledCloudSync.swift */,
				69D23BBA2446988C6BECABA5 /* HealthKitClient.swift */,
				374F92C33B4292C4AA9C5A30 /* LocationProvider.swift */,
				BA9489EE258B17E15163CE4F /* WatchAggregateSyncService.swift */,
				770ADADCC23BE9B63604D0D4 /* WeatherKitClient.swift */,
			);
			path = Services;
			sourceTree = "<group>";
		};
		E1A0E0AEC1B45B1D608A87FE = {
			isa = PBXGroup;
			children = (
				105AE4026E32E03DA963A150 /* StepReceiptApp */,
				591C7FB6E989A88D1E029FB9 /* StepReceiptAppTests */,
				3B4C326B859CB84076B4F1A8 /* StepReceiptCore */,
				A385142CBBD07E9ABFDEE00C /* StepReceiptCoreTests */,
				E881EBBB0F1FFAF2B72C6B23 /* StepReceiptLiveActivityShared */,
				A688B28F7B4C9C53AAE7F94E /* StepReceiptLiveActivityWidget */,
				1F23641E4AA06ACFEC251895 /* StepReceiptUITests */,
				103A755D1F97E37535B65287 /* StepReceiptWatch */,
				F881614232E6EAE0124FB588 /* StepReceiptWatchExtension */,
				809FFF5376A41A08FFB6F054 /* StepReceiptWatchShared */,
				B128B625F2963AD15D86C52D /* Frameworks */,
				62B83B43F9A93198B1D3FADB /* Products */,
			);
			sourceTree = "<group>";
		};
		E4CBC1BAE1A8EF644F5E9BBB /* Intents */ = {
			isa = PBXGroup;
			children = (
				B3E86DD2B190F3D1DC3536CD /* GetTodayStepsIntent.swift */,
				BDA504AF04C5EA25DC6F1C38 /* OpenCompeteIntent.swift */,
				6A3763D40898922FBC0B3DAE /* StepReceiptAppIntentsSupport.swift */,
				997B289667C39587ECC74D74 /* StepReceiptShortcuts.swift */,
				ABE47746608E2C642AF88C37 /* SyncHouseholdBoardIntent.swift */,
			);
			path = Intents;
			sourceTree = "<group>";
		};
		E881EBBB0F1FFAF2B72C6B23 /* StepReceiptLiveActivityShared */ = {
			isa = PBXGroup;
			children = (
				55633B2D928640B24E32CC63 /* DailyStepGoalAttributes.swift */,
			);
			path = StepReceiptLiveActivityShared;
			sourceTree = "<group>";
		};
		F31D9A7FEE3EE026CF636FF5 /* Compete */ = {
			isa = PBXGroup;
			children = (
				8CFC434133058F80C65C14F7 /* CompeteDiagnosticsSheet.swift */,
				E6428ADCADAC2E8A81E51AB5 /* CompeteHouseholdSheet.swift */,
				25C738F9EFA337A11DF91517 /* CompeteJoinConfirmationSheet.swift */,
				0F6399D81FA5F7E4E642FE20 /* CompeteLeaderboardView.swift */,
				1B94A051AE67972A1FFCCC6D /* CompeteMemberDrillInSheet.swift */,
				8EB088DB04397C8E8906DD12 /* CompeteSetupWizardView.swift */,
				03AE46AC632C6320A12DB319 /* CompeteSharedComponents.swift */,
				B50977D2B39AA9DEECAF0BD9 /* CompeteWelcomeView.swift */,
			);
			path = Compete;
			sourceTree = "<group>";
		};
		F881614232E6EAE0124FB588 /* StepReceiptWatchExtension */ = {
			isa = PBXGroup;
			children = (
				4DCC0C1304839C961A50B33C /* Info.plist */,
				4D00E52B658C60744BEABEE1 /* StepReceiptWatchExtensionApp.swift */,
			);
			path = StepReceiptWatchExtension;
			sourceTree = "<group>";
		};
/* End PBXGroup section */

/* Begin PBXNativeTarget section */
		15D4522D1F1528A2356A68B1 /* StepReceiptWatch */ = {
			isa = PBXNativeTarget;
			buildConfigurationList = BCC1D0E4EF7972B2D76794F0 /* Build configuration list for PBXNativeTarget "StepReceiptWatch" */;
			buildPhases = (
				BE9C5E92ADD8D76A482D8832 /* Resources */,
				B132D645989F80674812CA08 /* Embed Foundation Extensions */,
			);
			buildRules = (
			);
			dependencies = (
				CD29BDAC9FA11CD076D362A6 /* PBXTargetDependency */,
			);
			name = StepReceiptWatch;
			packageProductDependencies = (
			);
			productName = StepReceiptWatch;
			productReference = 454E46A98159F502B4E02190 /* StepReceiptWatch.app */;
			productType = "com.apple.product-type.application.watchapp2";
		};
		8C7F896D4D69BDE60F76B7FA /* StepReceiptTests */ = {
			isa = PBXNativeTarget;
			buildConfigurationList = 137B093DA1D4029BC925DBED /* Build configuration list for PBXNativeTarget "StepReceiptTests" */;
			buildPhases = (
				77C0E78785888B0003B170DD /* Sources */,
			);
			buildRules = (
			);
			dependencies = (
			);
			name = StepReceiptTests;
			packageProductDependencies = (
			);
			productName = StepReceiptTests;
			productReference = E04E44CCE24EE4D7A0B40583 /* StepReceiptTests.xctest */;
			productType = "com.apple.product-type.bundle.unit-test";
		};
		C9B550CC190A22C8718F6637 /* StepReceipt */ = {
			isa = PBXNativeTarget;
			buildConfigurationList = 033EBB25267D141EC931E187 /* Build configuration list for PBXNativeTarget "StepReceipt" */;
			buildPhases = (
				A20428AB086AF8BD565C06C1 /* Sources */,
				8BAC080CAEDC6DA55F1BCC65 /* Resources */,
				C168B40B75B010FE4D750FFE /* Frameworks */,
				F870C07FDD189D4B817BE8B2 /* Embed Foundation Extensions */,
				ECA173B44BD95B8FCFB0902D /* Embed Watch Content */,
			);
			buildRules = (
			);
			dependencies = (
				EDAB24D6E329485AB9D6461E /* PBXTargetDependency */,
				1CF52B76B5853BD2BCE2A4D0 /* PBXTargetDependency */,
			);
			name = StepReceipt;
			packageProductDependencies = (
			);
			productName = StepReceipt;
			productReference = D59919A8F9748A60F3DF35DD /* StepReceipt.app */;
			productType = "com.apple.product-type.application";
		};
		CDE8BBF2228368C480C60028 /* StepReceiptUITests */ = {
			isa = PBXNativeTarget;
			buildConfigurationList = 4C8925DEB930ED123C937D8C /* Build configuration list for PBXNativeTarget "StepReceiptUITests" */;
			buildPhases = (
				3BE38A58DA34649E888FDA20 /* Sources */,
			);
			buildRules = (
			);
			dependencies = (
				B28B86D60ACCFF718FFC88D6 /* PBXTargetDependency */,
			);
			name = StepReceiptUITests;
			packageProductDependencies = (
			);
			productName = StepReceiptUITests;
			productReference = 707E420CC51D70EA4C77BD16 /* StepReceiptUITests.xctest */;
			productType = "com.apple.product-type.bundle.ui-testing";
		};
		D2360DDACCA33821BCA8DEDA /* StepReceiptLiveActivityWidget */ = {
			isa = PBXNativeTarget;
			buildConfigurationList = 3687FCBF3744EA08375FA9F3 /* Build configuration list for PBXNativeTarget "StepReceiptLiveActivityWidget" */;
			buildPhases = (
				51BE8D56A8E1B9E228B23F7B /* Sources */,
			);
			buildRules = (
			);
			dependencies = (
			);
			name = StepReceiptLiveActivityWidget;
			packageProductDependencies = (
			);
			productName = StepReceiptLiveActivityWidget;
			productReference = 7E357606AC0CD984549A73DB /* StepReceiptLiveActivityWidget.appex */;
			productType = "com.apple.product-type.app-extension";
		};
		E66BD85E8666C48F51DE932E /* StepReceiptWatchExtension */ = {
			isa = PBXNativeTarget;
			buildConfigurationList = 11755D1612AF5BFA411C9A15 /* Build configuration list for PBXNativeTarget "StepReceiptWatchExtension" */;
			buildPhases = (
				A60F5862BF4896921BFA54D1 /* Sources */,
			);
			buildRules = (
			);
			dependencies = (
			);
			name = StepReceiptWatchExtension;
			packageProductDependencies = (
			);
			productName = StepReceiptWatchExtension;
			productReference = B5E72FF0AA07495D77848FD2 /* StepReceiptWatchExtension.appex */;
			productType = "com.apple.product-type.watchkit2-extension";
		};
/* End PBXNativeTarget section */

/* Begin PBXProject section */
		B64FB614B72CA91568E55D28 /* Project object */ = {
			isa = PBXProject;
			attributes = {
				BuildIndependentTargetsInParallel = YES;
				LastUpgradeCheck = 1430;
				TargetAttributes = {
					15D4522D1F1528A2356A68B1 = {
						DevelopmentTeam = U63TLL4JY4;
					};
					8C7F896D4D69BDE60F76B7FA = {
						DevelopmentTeam = U63TLL4JY4;
					};
					C9B550CC190A22C8718F6637 = {
						DevelopmentTeam = U63TLL4JY4;
					};
					CDE8BBF2228368C480C60028 = {
						DevelopmentTeam = U63TLL4JY4;
						TestTargetID = C9B550CC190A22C8718F6637;
					};
					D2360DDACCA33821BCA8DEDA = {
						DevelopmentTeam = U63TLL4JY4;
					};
					E66BD85E8666C48F51DE932E = {
						DevelopmentTeam = U63TLL4JY4;
					};
				};
			};
			buildConfigurationList = 2E5EBD63D06EEAD9BA9E965C /* Build configuration list for PBXProject "StepReceipt" */;
			developmentRegion = en;
			hasScannedForEncodings = 0;
			knownRegions = (
				Base,
				en,
			);
			mainGroup = E1A0E0AEC1B45B1D608A87FE;
			minimizedProjectReferenceProxies = 1;
			preferredProjectObjectVersion = 77;
			productRefGroup = 62B83B43F9A93198B1D3FADB /* Products */;
			projectDirPath = "";
			projectRoot = "";
			targets = (
				C9B550CC190A22C8718F6637 /* StepReceipt */,
				D2360DDACCA33821BCA8DEDA /* StepReceiptLiveActivityWidget */,
				8C7F896D4D69BDE60F76B7FA /* StepReceiptTests */,
				CDE8BBF2228368C480C60028 /* StepReceiptUITests */,
				15D4522D1F1528A2356A68B1 /* StepReceiptWatch */,
				E66BD85E8666C48F51DE932E /* StepReceiptWatchExtension */,
			);
		};
/* End PBXProject section */

/* Begin PBXResourcesBuildPhase section */
		8BAC080CAEDC6DA55F1BCC65 /* Resources */ = {
			isa = PBXResourcesBuildPhase;
			buildActionMask = 2147483647;
			files = (
				E4C014561D71BFC16A3A8289 /* Assets.xcassets in Resources */,
				B4CC36F293704EB2BC59E544 /* PrivacyInfo.xcprivacy in Resources */,
			);
			runOnlyForDeploymentPostprocessing = 0;
		};
		BE9C5E92ADD8D76A482D8832 /* Resources */ = {
			isa = PBXResourcesBuildPhase;
			buildActionMask = 2147483647;
			files = (
				F6CDC890754D9C7AAE4357FF /* Assets.xcassets in Resources */,
			);
			runOnlyForDeploymentPostprocessing = 0;
		};
/* End PBXResourcesBuildPhase section */

/* Begin PBXSourcesBuildPhase section */
		3BE38A58DA34649E888FDA20 /* Sources */ = {
			isa = PBXSourcesBuildPhase;
			buildActionMask = 2147483647;
			files = (
				BE150B31D7F0F53A8CA5EF26 /* StepReceiptUITests.swift in Sources */,
			);
			runOnlyForDeploymentPostprocessing = 0;
		};
		51BE8D56A8E1B9E228B23F7B /* Sources */ = {
			isa = PBXSourcesBuildPhase;
			buildActionMask = 2147483647;
			files = (
				717D23C5C2085DB32F5C3357 /* DailyStepGoalAttributes.swift in Sources */,
				DA254D0A49D1F5754D20937D /* DailyStepGoalLiveActivityWidget.swift in Sources */,
			);
			runOnlyForDeploymentPostprocessing = 0;
		};
		77C0E78785888B0003B170DD /* Sources */ = {
			isa = PBXSourcesBuildPhase;
			buildActionMask = 2147483647;
			files = (
				9D0DA8357E5F916B3D0894EB /* ActivityFormatting.swift in Sources */,
				CC6D82C87E1B004A58AF4D3E /* ActivityFormattingTests.swift in Sources */,
				C4F58E35150E103BBCAD4646 /* ActivityModels.swift in Sources */,
				55A7489A5F6AD88D4DBF3F45 /* ActivityRepository.swift in Sources */,
				D99BEFADF067168BE07054B7 /* ActivityRepositoryTests.swift in Sources */,
				E2D29A6CDEE5F2D454EBC60C /* AppDiagnosticsSummary.swift in Sources */,
				DAAD0FA5B78121BCFFFD1704 /* AppViewPreferences.swift in Sources */,
				EE1B261341D0D51090BE6FF5 /* CloudKitCompetitionShareExtractionTests.swift in Sources */,
				5686141750B012E8FB96943B /* CloudKitCompetitionSubscriptionService.swift in Sources */,
				0CDD0EC6333B406356886B40 /* CloudKitCompetitionSync.swift in Sources */,
				AA0CDB4B5C9E74944B4D10FD /* CloudKitSummarySync.swift in Sources */,
				3C921883901061F079C8FD41 /* CompeteJoinDeepLink.swift in Sources */,
				826C7C86868B0795B44C4776 /* CompeteJoinDeepLinkTests.swift in Sources */,
				E442144F8C686583F9AFFDF8 /* CompeteMemberDrillIn.swift in Sources */,
				D2F8EDEDB73225DA2D092EB1 /* CompeteMemberDrillInTests.swift in Sources */,
				828B4549153DA224B8DD7B13 /* CompetitionEngine.swift in Sources */,
				F25315E1DD8F54125E4C73B5 /* CompetitionModels.swift in Sources */,
				99189156B46A09BC765E61FF /* CompetitionPushRegistration.swift in Sources */,
				4AE182DCEB0672A25A0F2F33 /* CompetitionSubscriptionTests.swift in Sources */,
				EB9E548EA446DC5232B16AB5 /* CompetitionSyncDiagnostics.swift in Sources */,
				7417D7B204C43CC008BBAE4B /* DailyGreeting.swift in Sources */,
				07EF30343B5482EF2746E198 /* DailyGreetingBuilderTests.swift in Sources */,
				B058B934152AB344B89A83D5 /* DailyStepGoalAttributes.swift in Sources */,
				AFFB145104C2AC2090696038 /* DailyStepGoalAttributesTests.swift in Sources */,
				5E626038F174AF95629B1513 /* DailyStepGoalLiveActivityService.swift in Sources */,
				2AA600716451E7296F0806E8 /* DailyUseQOLTests.swift in Sources */,
				5E664771EB53DB01875B5231 /* DayWeatherSnapshot.swift in Sources */,
				3FF770570A45E75F4359399C /* DayWeatherSnapshotTests.swift in Sources */,
				F5D7DAA3010CD140096EAE4D /* DisabledCloudSync.swift in Sources */,
				30AF0BABD13FEF862BE4264E /* HealthKitClient.swift in Sources */,
				E116F1E7EDDBB86ADA4E2B05 /* InsightEngine.swift in Sources */,
				F14FB17701C332C2936A9371 /* InsightEngineTests.swift in Sources */,
				F0DD436648182B71394BD0E8 /* LocationProvider.swift in Sources */,
				BF9759C715614A8D499A2DBC /* TodayQuickDigest.swift in Sources */,
				5FE28FAF33A3F516EEDD5E36 /* TodayQuickDigestTests.swift in Sources */,
				119AE4F8C3993B17BFCD3A5F /* WatchAggregateSnapshot.swift in Sources */,
				2587F03071B919A47DF209E7 /* WatchAggregateSnapshotTests.swift in Sources */,
				ADF4CF6DD945852EFB2BD455 /* WatchAggregateSyncService.swift in Sources */,
				71D9E00A68D89060557EFE14 /* WeatherKitClient.swift in Sources */,
				C33B5944BE85B9CBB011A8BC /* WeekPattern.swift in Sources */,
				189A4982598A338D03A0C78C /* WeekPatternBuilderTests.swift in Sources */,
				1B6704D92572808736EDBB09 /* WorkoutExportBuilder.swift in Sources */,
				F2A572570282E8F2D7017835 /* WorkoutExportBuilderTests.swift in Sources */,
				EDCD5E66CAF207873C7DD96B /* WorkoutHeartRateAnalysis.swift in Sources */,
				CF2954BF4AD2B317BC76DCA9 /* WorkoutHeartRateAnalysisTests.swift in Sources */,
				D65FFF9DE8A8F44AEE86EAD5 /* WorkoutListRowSummary.swift in Sources */,
				8B14B3A2B932529AE36BF4B5 /* WorkoutListRowSummaryTests.swift in Sources */,
				6FEE4DE01B53699E9F370077 /* WorkoutTemplate.swift in Sources */,
				7937BD85DBFDD55EAEC28111 /* WorkoutTemplateTests.swift in Sources */,
			);
			runOnlyForDeploymentPostprocessing = 0;
		};
		A20428AB086AF8BD565C06C1 /* Sources */ = {
			isa = PBXSourcesBuildPhase;
			buildActionMask = 2147483647;
			files = (
				F955F827A2DF72BF9E9B5A6D /* ActivityFormatting.swift in Sources */,
				FF42BF3650A3A03217058F4B /* ActivityHistoryView.swift in Sources */,
				C2CB4739924C12FB35360039 /* ActivityModels.swift in Sources */,
				17C887D0CA9290FF2636362D /* ActivityRepository.swift in Sources */,
				E21D5814EC2321420A38482E /* ActivityShareCards.swift in Sources */,
				58DD12BF3D9F204EFD70FC69 /* AppDiagnosticsSummary.swift in Sources */,
				FE3F170D2BCA0D8C3A7C8291 /* AppRootView.swift in Sources */,
				791B5011DB72706EBCC033CC /* AppTabRoots.swift in Sources */,
				0C19B3E6BD9402131FF0473D /* AppViewPreferences.swift in Sources */,
				72F3120A804D6813A348B52A /* CloudKitCompetitionSubscriptionService.swift in Sources */,
				079E049BFB39BD333ABF5A97 /* CloudKitCompetitionSync.swift in Sources */,
				8456C1378FA759E912016E92 /* CloudKitSummarySync.swift in Sources */,
				2BA2E97C0EAD14C4F9523B6F /* CoachInsightsSheet.swift in Sources */,
				DC70F02B7D2CAE247B84CF37 /* CompeteDiagnosticsSheet.swift in Sources */,
				46F78EE080CF8484018326B7 /* CompeteHouseholdSheet.swift in Sources */,
				AD30D97DA4A28DBC18B924C9 /* CompeteJoinConfirmationSheet.swift in Sources */,
				6AEEE230E86658777B7CFF9F /* CompeteJoinDeepLink.swift in Sources */,
				7A48CE932643DAB1B19B2E44 /* CompeteLeaderboardView.swift in Sources */,
				EFA6A6DD4D775DA58ED259A5 /* CompeteMemberDrillIn.swift in Sources */,
				17EA7DF6D0C8E002B554E3B2 /* CompeteMemberDrillInSheet.swift in Sources */,
				511A2C1B7A6F6C041A3D643D /* CompeteSetupWizardView.swift in Sources */,
				D269C71AC24C4C5963A909ED /* CompeteSharedComponents.swift in Sources */,
				F9FE4E8FFADE5EDA16602F92 /* CompeteWelcomeView.swift in Sources */,
				1FFFC72512F5C1E9EF41BEEF /* CompetitionEngine.swift in Sources */,
				4F8EA77CA8D1682D677A4E26 /* CompetitionModels.swift in Sources */,
				41F0FD952ACDEDD690DC4C9F /* CompetitionPushRegistration.swift in Sources */,
				9C18D54A1FC7EFE82811FE38 /* CompetitionSyncDiagnostics.swift in Sources */,
				EBC302E607B6EF8DDAF41E0F /* CompetitionView.swift in Sources */,
				C918513F154687B994CF7F38 /* DailyGreeting.swift in Sources */,
				91A727FC5BFA6D2B3CBF4C5F /* DailyStepGoalAttributes.swift in Sources */,
				2C264BB384BC83F3864E876D /* DailyStepGoalLiveActivityService.swift in Sources */,
				5986B592DA4117E52347A3B7 /* DayFlowCard.swift in Sources */,
				B6A138261D835A80F1E2DFDE /* DayFlowPatternSheet.swift in Sources */,
				F01091AA2982319451277810 /* DayWeatherSnapshot.swift in Sources */,
				8D4A0C350BEFE4DE3499A434 /* DisabledCloudSync.swift in Sources */,
				1886BC936BDC5975F52C6B0E /* GetTodayStepsIntent.swift in Sources */,
				0DF5CCA5B5EEC8016F8B4F60 /* HealthKitClient.swift in Sources */,
				A023ACB10FAA73D2F0351187 /* InsightEngine.swift in Sources */,
				7B32AD208A1FABC39F8097C8 /* InsightsView.swift in Sources */,
				0B20CA2EDB8676D9846F1922 /* LocationProvider.swift in Sources */,
				0893E66787EEEDDC31A6C629 /* OpenCompeteIntent.swift in Sources */,
				12BC625C4A968CA67D3A4BB7 /* SettingsView.swift in Sources */,
				D10C9199346C4A1F5DB48E90 /* ShareSheet.swift in Sources */,
				F36D8680ADACC4A0D7D77497 /* StepReceiptApp.swift in Sources */,
				79419113560A00703D195D9E /* StepReceiptAppDelegate.swift in Sources */,
				A8B9F177B44AD91C4F7A82D0 /* StepReceiptAppIntentsSupport.swift in Sources */,
				0C2F8FE3BCBB892CC2B22845 /* StepReceiptShortcuts.swift in Sources */,
				4FCEE2FBD60307D9F0E0F572 /* StepReceiptTheme.swift in Sources */,
				E5A06CBB02370F6044E4E8D4 /* SyncHouseholdBoardIntent.swift in Sources */,
				E8D6025E3EFB28BFF864451D /* TodayQuickDigest.swift in Sources */,
				165E2C740BA12624FADDA990 /* TodayView.swift in Sources */,
				649E665C02516779E71B9687 /* WatchAggregateSnapshot.swift in Sources */,
				2AD2BFA9D3D4CC6EA6609ED2 /* WatchAggregateSyncService.swift in Sources */,
				25D3CB762540ED56086463F7 /* WeatherAttributionView.swift in Sources */,
				E8517401405B48A36B00BBFE /* WeatherCardStyle.swift in Sources */,
				206946984273643EDFF08754 /* WeatherDetailSheet.swift in Sources */,
				5B4F62AE4342985C296FF083 /* WeatherKitClient.swift in Sources */,
				E6FAC42C0D9AD221C54A18C2 /* WeekPattern.swift in Sources */,
				F49A75EAA9D49AC5AA04FF96 /* WorkoutDetailView.swift in Sources */,
				29D8DC6F74AE440A56F95795 /* WorkoutExportBuilder.swift in Sources */,
				0736670F918E1647B9D5EEC1 /* WorkoutHeartRateAnalysis.swift in Sources */,
				8B03B1FBB200549055E8F372 /* WorkoutListRowSummary.swift in Sources */,
				A6FB71FDCBE5D68333AF1CFF /* WorkoutTemplate.swift in Sources */,
			);
			runOnlyForDeploymentPostprocessing = 0;
		};
		A60F5862BF4896921BFA54D1 /* Sources */ = {
			isa = PBXSourcesBuildPhase;
			buildActionMask = 2147483647;
			files = (
				53CB4885DEB17F09A628AFF7 /* StepReceiptWatchExtensionApp.swift in Sources */,
				3812333BC7EA105F28F0E9DD /* WatchAggregateSnapshot.swift in Sources */,
			);
			runOnlyForDeploymentPostprocessing = 0;
		};
/* End PBXSourcesBuildPhase section */

/* Begin PBXTargetDependency section */
		1CF52B76B5853BD2BCE2A4D0 /* PBXTargetDependency */ = {
			isa = PBXTargetDependency;
			target = 15D4522D1F1528A2356A68B1 /* StepReceiptWatch */;
			targetProxy = 6C4737D4A0D56B92D29AD5A4 /* PBXContainerItemProxy */;
		};
		B28B86D60ACCFF718FFC88D6 /* PBXTargetDependency */ = {
			isa = PBXTargetDependency;
			target = C9B550CC190A22C8718F6637 /* StepReceipt */;
			targetProxy = 657DB415836771079BCB2230 /* PBXContainerItemProxy */;
		};
		CD29BDAC9FA11CD076D362A6 /* PBXTargetDependency */ = {
			isa = PBXTargetDependency;
			target = E66BD85E8666C48F51DE932E /* StepReceiptWatchExtension */;
			targetProxy = 9F1DA23658436F6F9EA72CEA /* PBXContainerItemProxy */;
		};
		EDAB24D6E329485AB9D6461E /* PBXTargetDependency */ = {
			isa = PBXTargetDependency;
			target = D2360DDACCA33821BCA8DEDA /* StepReceiptLiveActivityWidget */;
			targetProxy = 3EA0E2EA275162790CFE4A6A /* PBXContainerItemProxy */;
		};
/* End PBXTargetDependency section */

/* Begin XCBuildConfiguration section */
		0688047942042C50DCDDEB47 /* Debug */ = {
			isa = XCBuildConfiguration;
			buildSettings = {
				INFOPLIST_FILE = StepReceiptLiveActivityWidget/Info.plist;
				IPHONEOS_DEPLOYMENT_TARGET = 17.0;
				LD_RUNPATH_SEARCH_PATHS = (
					"$(inherited)",
					"@executable_path/Frameworks",
					"@executable_path/../../Frameworks",
				);
				PRODUCT_BUNDLE_IDENTIFIER = com.tyronsamaroo.stepreceipt.liveactivity;
				SDKROOT = iphoneos;
				SKIP_INSTALL = YES;
				TARGETED_DEVICE_FAMILY = 1;
			};
			name = Debug;
		};
		0B2CDB589FD0B0748FFBA219 /* Release */ = {
			isa = XCBuildConfiguration;
			buildSettings = {
				ASSETCATALOG_COMPILER_COMPLICATION_NAME = Complication;
				INFOPLIST_FILE = StepReceiptWatchExtension/Info.plist;
				LD_RUNPATH_SEARCH_PATHS = (
					"$(inherited)",
					"@executable_path/Frameworks",
					"@executable_path/../../Frameworks",
				);
				PRODUCT_BUNDLE_IDENTIFIER = com.tyronsamaroo.stepreceipt.watchkitapp.watchkitextension;
				SDKROOT = watchos;
				SKIP_INSTALL = YES;
				TARGETED_DEVICE_FAMILY = 4;
				WATCHOS_DEPLOYMENT_TARGET = 10.0;
				WK_APP_BUNDLE_IDENTIFIER = com.tyronsamaroo.stepreceipt.watchkitapp;
			};
			name = Release;
		};
		1176EBEA2B9836DB9EAFF24B /* Release */ = {
			isa = XCBuildConfiguration;
			buildSettings = {
				BUNDLE_LOADER = "$(TEST_HOST)";
				GENERATE_INFOPLIST_FILE = YES;
				IPHONEOS_DEPLOYMENT_TARGET = 17.0;
				LD_RUNPATH_SEARCH_PATHS = (
					"$(inherited)",
					"@executable_path/Frameworks",
					"@loader_path/Frameworks",
				);
				PRODUCT_BUNDLE_IDENTIFIER = com.tyronsamaroo.stepreceipt.uitests;
				SDKROOT = iphoneos;
				TARGETED_DEVICE_FAMILY = "1,2";
				TEST_TARGET_NAME = StepReceipt;
			};
			name = Release;
		};
		1C3D4B38A28611A077ABC901 /* Debug */ = {
			isa = XCBuildConfiguration;
			buildSettings = {
				ASSETCATALOG_COMPILER_COMPLICATION_NAME = Complication;
				INFOPLIST_FILE = StepReceiptWatchExtension/Info.plist;
				LD_RUNPATH_SEARCH_PATHS = (
					"$(inherited)",
					"@executable_path/Frameworks",
					"@executable_path/../../Frameworks",
				);
				PRODUCT_BUNDLE_IDENTIFIER = com.tyronsamaroo.stepreceipt.watchkitapp.watchkitextension;
				SDKROOT = watchos;
				SKIP_INSTALL = YES;
				TARGETED_DEVICE_FAMILY = 4;
				WATCHOS_DEPLOYMENT_TARGET = 10.0;
				WK_APP_BUNDLE_IDENTIFIER = com.tyronsamaroo.stepreceipt.watchkitapp;
			};
			name = Debug;
		};
		289C207E905261EE5182A581 /* Release */ = {
			isa = XCBuildConfiguration;
			buildSettings = {
				ASSETCATALOG_COMPILER_APPICON_NAME = AppIcon;
				ASSETCATALOG_COMPILER_GLOBAL_ACCENT_COLOR_NAME = AccentColor;
				CODE_SIGN_ENTITLEMENTS = StepReceiptApp/StepReceipt.entitlements;
				CODE_SIGN_IDENTITY = "iPhone Developer";
				INFOPLIST_FILE = StepReceiptApp/Info.plist;
				IPHONEOS_DEPLOYMENT_TARGET = 17.0;
				LD_RUNPATH_SEARCH_PATHS = (
					"$(inherited)",
					"@executable_path/Frameworks",
				);
				PRODUCT_BUNDLE_IDENTIFIER = com.tyronsamaroo.stepreceipt;
				SDKROOT = iphoneos;
				TARGETED_DEVICE_FAMILY = 1;
			};
			name = Release;
		};
		58EABDD2F8C93EAC9D5E8A74 /* Debug */ = {
			isa = XCBuildConfiguration;
			buildSettings = {
				BUNDLE_LOADER = "$(TEST_HOST)";
				GENERATE_INFOPLIST_FILE = YES;
				IPHONEOS_DEPLOYMENT_TARGET = 17.0;
				LD_RUNPATH_SEARCH_PATHS = (
					"$(inherited)",
					"@executable_path/Frameworks",
					"@loader_path/Frameworks",
				);
				PRODUCT_BUNDLE_IDENTIFIER = com.tyronsamaroo.stepreceipt.uitests;
				SDKROOT = iphoneos;
				TARGETED_DEVICE_FAMILY = "1,2";
				TEST_TARGET_NAME = StepReceipt;
			};
			name = Debug;
		};
		6C61D350FDE8526EB99E8B92 /* Release */ = {
			isa = XCBuildConfiguration;
			buildSettings = {
				BUNDLE_LOADER = "$(TEST_HOST)";
				GENERATE_INFOPLIST_FILE = YES;
				IPHONEOS_DEPLOYMENT_TARGET = 17.0;
				LD_RUNPATH_SEARCH_PATHS = (
					"$(inherited)",
					"@executable_path/Frameworks",
					"@loader_path/Frameworks",
				);
				PRODUCT_BUNDLE_IDENTIFIER = com.tyronsamaroo.stepreceipt.tests;
				SDKROOT = iphoneos;
				TARGETED_DEVICE_FAMILY = "1,2";
			};
			name = Release;
		};
		807807B664F5D660B3137F28 /* Debug */ = {
			isa = XCBuildConfiguration;
			buildSettings = {
				ASSETCATALOG_COMPILER_APPICON_NAME = AppIcon;
				ASSETCATALOG_COMPILER_GLOBAL_ACCENT_COLOR_NAME = AccentColor;
				CODE_SIGN_ENTITLEMENTS = StepReceiptApp/StepReceiptDebug.entitlements;
				CODE_SIGN_IDENTITY = "iPhone Developer";
				INFOPLIST_FILE = StepReceiptApp/Info.plist;
				IPHONEOS_DEPLOYMENT_TARGET = 17.0;
				LD_RUNPATH_SEARCH_PATHS = (
					"$(inherited)",
					"@executable_path/Frameworks",
				);
				PRODUCT_BUNDLE_IDENTIFIER = com.tyronsamaroo.stepreceipt;
				SDKROOT = iphoneos;
				TARGETED_DEVICE_FAMILY = 1;
			};
			name = Debug;
		};
		873F3D6D307EB1132A841E5B /* Release */ = {
			isa = XCBuildConfiguration;
			buildSettings = {
				INFOPLIST_FILE = StepReceiptLiveActivityWidget/Info.plist;
				IPHONEOS_DEPLOYMENT_TARGET = 17.0;
				LD_RUNPATH_SEARCH_PATHS = (
					"$(inherited)",
					"@executable_path/Frameworks",
					"@executable_path/../../Frameworks",
				);
				PRODUCT_BUNDLE_IDENTIFIER = com.tyronsamaroo.stepreceipt.liveactivity;
				SDKROOT = iphoneos;
				SKIP_INSTALL = YES;
				TARGETED_DEVICE_FAMILY = 1;
			};
			name = Release;
		};
		8B477E5313F7B8B525F6338C /* Debug */ = {
			isa = XCBuildConfiguration;
			buildSettings = {
				BUNDLE_LOADER = "$(TEST_HOST)";
				GENERATE_INFOPLIST_FILE = YES;
				IPHONEOS_DEPLOYMENT_TARGET = 17.0;
				LD_RUNPATH_SEARCH_PATHS = (
					"$(inherited)",
					"@executable_path/Frameworks",
					"@loader_path/Frameworks",
				);
				PRODUCT_BUNDLE_IDENTIFIER = com.tyronsamaroo.stepreceipt.tests;
				SDKROOT = iphoneos;
				TARGETED_DEVICE_FAMILY = "1,2";
			};
			name = Debug;
		};
		AE5E5E979739578FE9620E53 /* Debug */ = {
			isa = XCBuildConfiguration;
			buildSettings = {
				ALWAYS_SEARCH_USER_PATHS = NO;
				CLANG_ANALYZER_NONNULL = YES;
				CLANG_ANALYZER_NUMBER_OBJECT_CONVERSION = YES_AGGRESSIVE;
				CLANG_CXX_LANGUAGE_STANDARD = "gnu++14";
				CLANG_CXX_LIBRARY = "libc++";
				CLANG_ENABLE_MODULES = YES;
				CLANG_ENABLE_OBJC_ARC = YES;
				CLANG_ENABLE_OBJC_WEAK = YES;
				CLANG_WARN_BLOCK_CAPTURE_AUTORELEASING = YES;
				CLANG_WARN_BOOL_CONVERSION = YES;
				CLANG_WARN_COMMA = YES;
				CLANG_WARN_CONSTANT_CONVERSION = YES;
				CLANG_WARN_DEPRECATED_OBJC_IMPLEMENTATIONS = YES;
				CLANG_WARN_DIRECT_OBJC_ISA_USAGE = YES_ERROR;
				CLANG_WARN_DOCUMENTATION_COMMENTS = YES;
				CLANG_WARN_EMPTY_BODY = YES;
				CLANG_WARN_ENUM_CONVERSION = YES;
				CLANG_WARN_INFINITE_RECURSION = YES;
				CLANG_WARN_INT_CONVERSION = YES;
				CLANG_WARN_NON_LITERAL_NULL_CONVERSION = YES;
				CLANG_WARN_OBJC_IMPLICIT_RETAIN_SELF = YES;
				CLANG_WARN_OBJC_LITERAL_CONVERSION = YES;
				CLANG_WARN_OBJC_ROOT_CLASS = YES_ERROR;
				CLANG_WARN_QUOTED_INCLUDE_IN_FRAMEWORK_HEADER = YES;
				CLANG_WARN_RANGE_LOOP_ANALYSIS = YES;
				CLANG_WARN_STRICT_PROTOTYPES = YES;
				CLANG_WARN_SUSPICIOUS_MOVE = YES;
				CLANG_WARN_UNGUARDED_AVAILABILITY = YES_AGGRESSIVE;
				CLANG_WARN_UNREACHABLE_CODE = YES;
				CLANG_WARN__DUPLICATE_METHOD_MATCH = YES;
				COPY_PHASE_STRIP = NO;
				CURRENT_PROJECT_VERSION = 36;
				DEBUG_INFORMATION_FORMAT = dwarf;
				DEVELOPMENT_TEAM = U63TLL4JY4;
				ENABLE_STRICT_OBJC_MSGSEND = YES;
				ENABLE_TESTABILITY = YES;
				GCC_C_LANGUAGE_STANDARD = gnu11;
				GCC_DYNAMIC_NO_PIC = NO;
				GCC_NO_COMMON_BLOCKS = YES;
				GCC_OPTIMIZATION_LEVEL = 0;
				GCC_PREPROCESSOR_DEFINITIONS = (
					"$(inherited)",
					"DEBUG=1",
				);
				GCC_WARN_64_TO_32_BIT_CONVERSION = YES;
				GCC_WARN_ABOUT_RETURN_TYPE = YES_ERROR;
				GCC_WARN_UNDECLARED_SELECTOR = YES;
				GCC_WARN_UNINITIALIZED_AUTOS = YES_AGGRESSIVE;
				GCC_WARN_UNUSED_FUNCTION = YES;
				GCC_WARN_UNUSED_VARIABLE = YES;
				IPHONEOS_DEPLOYMENT_TARGET = 17.0;
				MARKETING_VERSION = 0.1.0;
				MTL_ENABLE_DEBUG_INFO = INCLUDE_SOURCE;
				MTL_FAST_MATH = YES;
				ONLY_ACTIVE_ARCH = YES;
				PRODUCT_NAME = "$(TARGET_NAME)";
				SWIFT_ACTIVE_COMPILATION_CONDITIONS = DEBUG;
				SWIFT_OPTIMIZATION_LEVEL = "-Onone";
				SWIFT_VERSION = 6.0;
				WATCHOS_DEPLOYMENT_TARGET = 10.0;
			};
			name = Debug;
		};
		B0DF54A184B3A8618C74D162 /* Release */ = {
			isa = XCBuildConfiguration;
			buildSettings = {
				ASSETCATALOG_COMPILER_APPICON_NAME = AppIcon;
				INFOPLIST_FILE = StepReceiptWatch/Info.plist;
				PRODUCT_BUNDLE_IDENTIFIER = com.tyronsamaroo.stepreceipt.watchkitapp;
				SDKROOT = watchos;
				SKIP_INSTALL = YES;
				TARGETED_DEVICE_FAMILY = 4;
				WATCHOS_DEPLOYMENT_TARGET = 10.0;
			};
			name = Release;
		};
		BE29A07C62525B5A32138139 /* Release */ = {
			isa = XCBuildConfiguration;
			buildSettings = {
				ALWAYS_SEARCH_USER_PATHS = NO;
				CLANG_ANALYZER_NONNULL = YES;
				CLANG_ANALYZER_NUMBER_OBJECT_CONVERSION = YES_AGGRESSIVE;
				CLANG_CXX_LANGUAGE_STANDARD = "gnu++14";
				CLANG_CXX_LIBRARY = "libc++";
				CLANG_ENABLE_MODULES = YES;
				CLANG_ENABLE_OBJC_ARC = YES;
				CLANG_ENABLE_OBJC_WEAK = YES;
				CLANG_WARN_BLOCK_CAPTURE_AUTORELEASING = YES;
				CLANG_WARN_BOOL_CONVERSION = YES;
				CLANG_WARN_COMMA = YES;
				CLANG_WARN_CONSTANT_CONVERSION = YES;
				CLANG_WARN_DEPRECATED_OBJC_IMPLEMENTATIONS = YES;
				CLANG_WARN_DIRECT_OBJC_ISA_USAGE = YES_ERROR;
				CLANG_WARN_DOCUMENTATION_COMMENTS = YES;
				CLANG_WARN_EMPTY_BODY = YES;
				CLANG_WARN_ENUM_CONVERSION = YES;
				CLANG_WARN_INFINITE_RECURSION = YES;
				CLANG_WARN_INT_CONVERSION = YES;
				CLANG_WARN_NON_LITERAL_NULL_CONVERSION = YES;
				CLANG_WARN_OBJC_IMPLICIT_RETAIN_SELF = YES;
				CLANG_WARN_OBJC_LITERAL_CONVERSION = YES;
				CLANG_WARN_OBJC_ROOT_CLASS = YES_ERROR;
				CLANG_WARN_QUOTED_INCLUDE_IN_FRAMEWORK_HEADER = YES;
				CLANG_WARN_RANGE_LOOP_ANALYSIS = YES;
				CLANG_WARN_STRICT_PROTOTYPES = YES;
				CLANG_WARN_SUSPICIOUS_MOVE = YES;
				CLANG_WARN_UNGUARDED_AVAILABILITY = YES_AGGRESSIVE;
				CLANG_WARN_UNREACHABLE_CODE = YES;
				CLANG_WARN__DUPLICATE_METHOD_MATCH = YES;
				COPY_PHASE_STRIP = NO;
				CURRENT_PROJECT_VERSION = 36;
				DEBUG_INFORMATION_FORMAT = "dwarf-with-dsym";
				DEVELOPMENT_TEAM = U63TLL4JY4;
				ENABLE_NS_ASSERTIONS = NO;
				ENABLE_STRICT_OBJC_MSGSEND = YES;
				GCC_C_LANGUAGE_STANDARD = gnu11;
				GCC_NO_COMMON_BLOCKS = YES;
				GCC_WARN_64_TO_32_BIT_CONVERSION = YES;
				GCC_WARN_ABOUT_RETURN_TYPE = YES_ERROR;
				GCC_WARN_UNDECLARED_SELECTOR = YES;
				GCC_WARN_UNINITIALIZED_AUTOS = YES_AGGRESSIVE;
				GCC_WARN_UNUSED_FUNCTION = YES;
				GCC_WARN_UNUSED_VARIABLE = YES;
				IPHONEOS_DEPLOYMENT_TARGET = 17.0;
				MARKETING_VERSION = 0.1.0;
				MTL_ENABLE_DEBUG_INFO = NO;
				MTL_FAST_MATH = YES;
				PRODUCT_NAME = "$(TARGET_NAME)";
				SWIFT_COMPILATION_MODE = wholemodule;
				SWIFT_OPTIMIZATION_LEVEL = "-O";
				SWIFT_VERSION = 6.0;
				WATCHOS_DEPLOYMENT_TARGET = 10.0;
			};
			name = Release;
		};
		C161D6F56A173351C14AB400 /* Debug */ = {
			isa = XCBuildConfiguration;
			buildSettings = {
				ASSETCATALOG_COMPILER_APPICON_NAME = AppIcon;
				INFOPLIST_FILE = StepReceiptWatch/Info.plist;
				PRODUCT_BUNDLE_IDENTIFIER = com.tyronsamaroo.stepreceipt.watchkitapp;
				SDKROOT = watchos;
				SKIP_INSTALL = YES;
				TARGETED_DEVICE_FAMILY = 4;
				WATCHOS_DEPLOYMENT_TARGET = 10.0;
			};
			name = Debug;
		};
/* End XCBuildConfiguration section */

/* Begin XCConfigurationList section */
		033EBB25267D141EC931E187 /* Build configuration list for PBXNativeTarget "StepReceipt" */ = {
			isa = XCConfigurationList;
			buildConfigurations = (
				807807B664F5D660B3137F28 /* Debug */,
				289C207E905261EE5182A581 /* Release */,
			);
			defaultConfigurationIsVisible = 0;
			defaultConfigurationName = Debug;
		};
		11755D1612AF5BFA411C9A15 /* Build configuration list for PBXNativeTarget "StepReceiptWatchExtension" */ = {
			isa = XCConfigurationList;
			buildConfigurations = (
				1C3D4B38A28611A077ABC901 /* Debug */,
				0B2CDB589FD0B0748FFBA219 /* Release */,
			);
			defaultConfigurationIsVisible = 0;
			defaultConfigurationName = Debug;
		};
		137B093DA1D4029BC925DBED /* Build configuration list for PBXNativeTarget "StepReceiptTests" */ = {
			isa = XCConfigurationList;
			buildConfigurations = (
				8B477E5313F7B8B525F6338C /* Debug */,
				6C61D350FDE8526EB99E8B92 /* Release */,
			);
			defaultConfigurationIsVisible = 0;
			defaultConfigurationName = Debug;
		};
		2E5EBD63D06EEAD9BA9E965C /* Build configuration list for PBXProject "StepReceipt" */ = {
			isa = XCConfigurationList;
			buildConfigurations = (
				AE5E5E979739578FE9620E53 /* Debug */,
				BE29A07C62525B5A32138139 /* Release */,
			);
			defaultConfigurationIsVisible = 0;
			defaultConfigurationName = Debug;
		};
		3687FCBF3744EA08375FA9F3 /* Build configuration list for PBXNativeTarget "StepReceiptLiveActivityWidget" */ = {
			isa = XCConfigurationList;
			buildConfigurations = (
				0688047942042C50DCDDEB47 /* Debug */,
				873F3D6D307EB1132A841E5B /* Release */,
			);
			defaultConfigurationIsVisible = 0;
			defaultConfigurationName = Debug;
		};
		4C8925DEB930ED123C937D8C /* Build configuration list for PBXNativeTarget "StepReceiptUITests" */ = {
			isa = XCConfigurationList;
			buildConfigurations = (
				58EABDD2F8C93EAC9D5E8A74 /* Debug */,
				1176EBEA2B9836DB9EAFF24B /* Release */,
			);
			defaultConfigurationIsVisible = 0;
			defaultConfigurationName = Debug;
		};
		BCC1D0E4EF7972B2D76794F0 /* Build configuration list for PBXNativeTarget "StepReceiptWatch" */ = {
			isa = XCConfigurationList;
			buildConfigurations = (
				C161D6F56A173351C14AB400 /* Debug */,
				B0DF54A184B3A8618C74D162 /* Release */,
			);
			defaultConfigurationIsVisible = 0;
			defaultConfigurationName = Debug;
		};
/* End XCConfigurationList section */
	};
	rootObject = B64FB614B72CA91568E55D28 /* Project object */;
}
